// !$*UTF8*$!
{
	archiveVersion = 1;
	classes = {
	};
	objectVersion = 46;
	objects = {

/* Begin PBXBuildFile section */
		1AC6FB21180E996B004C840B /* libcocos2d Mac.a in Frameworks */ = {isa = PBXBuildFile; fileRef = 1AC6FAF9180E9839004C840B /* libcocos2d Mac.a */; };
		1AC6FB30180E99EB004C840B /* libcocos2d iOS.a in Frameworks */ = {isa = PBXBuildFile; fileRef = 1AC6FB07180E9839004C840B /* libcocos2d iOS.a */; };
		1D60589F0D05DD5A006BFB54 /* Foundation.framework in Frameworks */ = {isa = PBXBuildFile; fileRef = 1D30AB110D05D00D00671497 /* Foundation.framework */; };
		288765A50DF7441C002DB57D /* CoreGraphics.framework in Frameworks */ = {isa = PBXBuildFile; fileRef = 288765A40DF7441C002DB57D /* CoreGraphics.framework */; };
		294D0D641D0D56D500F7F5D4 /* CoreText.framework in Frameworks */ = {isa = PBXBuildFile; fileRef = 294D0D631D0D56D500F7F5D4 /* CoreText.framework */; };
		3C18834B1D6BA0970059056E /* SceneCreator.cpp in Sources */ = {isa = PBXBuildFile; fileRef = 3C18834A1D6BA0970059056E /* SceneCreator.cpp */; };
		3C18834E1D6BA1490059056E /* TitleLayer.cpp in Sources */ = {isa = PBXBuildFile; fileRef = 3C18834C1D6BA1490059056E /* TitleLayer.cpp */; };
		3C1883501D6BA4EC0059056E /* libiconv.2.tbd in Frameworks */ = {isa = PBXBuildFile; fileRef = 3C18834F1D6BA4EC0059056E /* libiconv.2.tbd */; };
		3C1883521D6BA4F60059056E /* UIKit.framework in Frameworks */ = {isa = PBXBuildFile; fileRef = 3C1883511D6BA4F60059056E /* UIKit.framework */; };
		3C1883581D6BA5840059056E /* OpenGLES.framework in Frameworks */ = {isa = PBXBuildFile; fileRef = 3C1883571D6BA5840059056E /* OpenGLES.framework */; };
		3C18835F1D6BABA10059056E /* libz.1.2.5.dylib in Frameworks */ = {isa = PBXBuildFile; fileRef = 3C18835E1D6BABA10059056E /* libz.1.2.5.dylib */; };
		3C1883611D6BAC130059056E /* CoreMotion.framework in Frameworks */ = {isa = PBXBuildFile; fileRef = 3C1883601D6BAC130059056E /* CoreMotion.framework */; };
		3C8D68181D78EA2F00CC3616 /* CombinedActivity.cpp in Sources */ = {isa = PBXBuildFile; fileRef = 3C8D68161D78EA2F00CC3616 /* CombinedActivity.cpp */; };
		3C8D681B1D78EAAE00CC3616 /* FieldActivity.cpp in Sources */ = {isa = PBXBuildFile; fileRef = 3C8D68191D78EAAE00CC3616 /* FieldActivity.cpp */; };
		3C8D681E1D78EB3B00CC3616 /* GlobalActivity.cpp in Sources */ = {isa = PBXBuildFile; fileRef = 3C8D681C1D78EB3B00CC3616 /* GlobalActivity.cpp */; };
		3C8D68211D78EEC900CC3616 /* BatchActivity.cpp in Sources */ = {isa = PBXBuildFile; fileRef = 3C8D681F1D78EEC900CC3616 /* BatchActivity.cpp */; };
		3C8D68241D78F24300CC3616 /* CreatureMoveActivity.cpp in Sources */ = {isa = PBXBuildFile; fileRef = 3C8D68221D78F24300CC3616 /* CreatureMoveActivity.cpp */; };
		3C8D68271D78F92300CC3616 /* ScopeIndicator.cpp in Sources */ = {isa = PBXBuildFile; fileRef = 3C8D68251D78F92300CC3616 /* ScopeIndicator.cpp */; };
		3C8D68291D78FB8000CC3616 /* Others in Resources */ = {isa = PBXBuildFile; fileRef = 3C8D68281D78FB8000CC3616 /* Others */; };
		3C8D682F1D79F4A900CC3616 /* FDEvent.cpp in Sources */ = {isa = PBXBuildFile; fileRef = 3C8D682D1D79F4A900CC3616 /* FDEvent.cpp */; };
		3C8D68321D79F4E600CC3616 /* EventCondition.cpp in Sources */ = {isa = PBXBuildFile; fileRef = 3C8D68301D79F4E600CC3616 /* EventCondition.cpp */; };
		3C8D68351D79F52500CC3616 /* EventHandler.cpp in Sources */ = {isa = PBXBuildFile; fileRef = 3C8D68331D79F52500CC3616 /* EventHandler.cpp */; };
		3C8D68381D79F54900CC3616 /* EventLoader.cpp in Sources */ = {isa = PBXBuildFile; fileRef = 3C8D68361D79F54900CC3616 /* EventLoader.cpp */; };
		3C8D683B1D79F56E00CC3616 /* EventLoaderFactory.cpp in Sources */ = {isa = PBXBuildFile; fileRef = 3C8D68391D79F56E00CC3616 /* EventLoaderFactory.cpp */; };
		3C8D683E1D79F5BB00CC3616 /* EventChapter1.cpp in Sources */ = {isa = PBXBuildFile; fileRef = 3C8D683C1D79F5BB00CC3616 /* EventChapter1.cpp */; };
		3C8D68411D7A095E00CC3616 /* EventChapterCommon.cpp in Sources */ = {isa = PBXBuildFile; fileRef = 3C8D683F1D7A095E00CC3616 /* EventChapterCommon.cpp */; };
		3C8D68441D7A09C200CC3616 /* EventMethod.cpp in Sources */ = {isa = PBXBuildFile; fileRef = 3C8D68421D7A09C200CC3616 /* EventMethod.cpp */; };
		3CA318261D760AD00042B56A /* CreatureData.cpp in Sources */ = {isa = PBXBuildFile; fileRef = 3CA318241D760AD00042B56A /* CreatureData.cpp */; };
		3CA318291D760C6D0042B56A /* AICreature.cpp in Sources */ = {isa = PBXBuildFile; fileRef = 3CA318271D760C6D0042B56A /* AICreature.cpp */; };
		3CA3182C1D760E260042B56A /* DefendItemDefinition.cpp in Sources */ = {isa = PBXBuildFile; fileRef = 3CA3182A1D760E260042B56A /* DefendItemDefinition.cpp */; };
		3CA3182F1D7613630042B56A /* FDRange.cpp in Sources */ = {isa = PBXBuildFile; fileRef = 3CA3182D1D7613630042B56A /* FDRange.cpp */; };
		3CB109651D6D0D06002C4121 /* TouchHandler.cpp in Sources */ = {isa = PBXBuildFile; fileRef = 3CB109631D6D0D06002C4121 /* TouchHandler.cpp */; };
		3CB109691D6E0BD1002C4121 /* Ground.cpp in Sources */ = {isa = PBXBuildFile; fileRef = 3CB109671D6E0BD1002C4121 /* Ground.cpp */; };
		3CB1096B1D6E5E66002C4121 /* Icons in Resources */ = {isa = PBXBuildFile; fileRef = 3CB1096A1D6E5E66002C4121 /* Icons */; };
		3CB1096F1D6E6B8F002C4121 /* BattleObject.cpp in Sources */ = {isa = PBXBuildFile; fileRef = 3CB1096D1D6E6B8F002C4121 /* BattleObject.cpp */; };
		3CB109721D6E6BC3002C4121 /* Creature.cpp in Sources */ = {isa = PBXBuildFile; fileRef = 3CB109701D6E6BC3002C4121 /* Creature.cpp */; };
		3CB109751D6E6FD6002C4121 /* Friend.cpp in Sources */ = {isa = PBXBuildFile; fileRef = 3CB109731D6E6FD6002C4121 /* Friend.cpp */; };
		3CB109791D6F6489002C4121 /* FDFrame.cpp in Sources */ = {isa = PBXBuildFile; fileRef = 3CB109771D6F6489002C4121 /* FDFrame.cpp */; };
		3CB1097C1D6F6635002C4121 /* SlideAnimation.cpp in Sources */ = {isa = PBXBuildFile; fileRef = 3CB1097A1D6F6635002C4121 /* SlideAnimation.cpp */; };
		3CB1097F1D6F69AC002C4121 /* FDAnimate.cpp in Sources */ = {isa = PBXBuildFile; fileRef = 3CB1097D1D6F69AC002C4121 /* FDAnimate.cpp */; };
		3CB109821D6F74BC002C4121 /* CreatureDefinition.cpp in Sources */ = {isa = PBXBuildFile; fileRef = 3CB109801D6F74BC002C4121 /* CreatureDefinition.cpp */; };
		3CB109851D6F7626002C4121 /* AnimationLibrary.cpp in Sources */ = {isa = PBXBuildFile; fileRef = 3CB109831D6F7626002C4121 /* AnimationLibrary.cpp */; };
		3CB109891D74CCAB002C4121 /* FDActivity.cpp in Sources */ = {isa = PBXBuildFile; fileRef = 3CB109871D74CCAB002C4121 /* FDActivity.cpp */; };
		3CB1098C1D74CE92002C4121 /* SimpleMoveActivity.cpp in Sources */ = {isa = PBXBuildFile; fileRef = 3CB1098A1D74CE92002C4121 /* SimpleMoveActivity.cpp */; };
		3CB1098F1D74D0CE002C4121 /* ActivityQueue.cpp in Sources */ = {isa = PBXBuildFile; fileRef = 3CB1098D1D74D0CE002C4121 /* ActivityQueue.cpp */; };
		3CB109931D74ECB1002C4121 /* Constants.cpp in Sources */ = {isa = PBXBuildFile; fileRef = 3CB109911D74ECB1002C4121 /* Constants.cpp */; };
		3CB109971D74F33C002C4121 /* MagicDefinition.cpp in Sources */ = {isa = PBXBuildFile; fileRef = 3CB109951D74F33C002C4121 /* MagicDefinition.cpp */; };
		3CB1099B1D74F3E2002C4121 /* ItemDefinition.cpp in Sources */ = {isa = PBXBuildFile; fileRef = 3CB109991D74F3E2002C4121 /* ItemDefinition.cpp */; };
		3CB1099E1D74F3FE002C4121 /* UsableItemDefinition.cpp in Sources */ = {isa = PBXBuildFile; fileRef = 3CB1099C1D74F3FE002C4121 /* UsableItemDefinition.cpp */; };
		3CB109A11D74F41E002C4121 /* AttackItemDefinition.cpp in Sources */ = {isa = PBXBuildFile; fileRef = 3CB1099F1D74F41E002C4121 /* AttackItemDefinition.cpp */; };
		3CB109A41D74F440002C4121 /* SpecialItemDefinition.cpp in Sources */ = {isa = PBXBuildFile; fileRef = 3CB109A21D74F440002C4121 /* SpecialItemDefinition.cpp */; };
		3CB109A71D74F46C002C4121 /* MoneyItemDefinition.cpp in Sources */ = {isa = PBXBuildFile; fileRef = 3CB109A51D74F46C002C4121 /* MoneyItemDefinition.cpp */; };
		3CB109AA1D74F816002C4121 /* CreatureChapterRecord.cpp in Sources */ = {isa = PBXBuildFile; fileRef = 3CB109A81D74F816002C4121 /* CreatureChapterRecord.cpp */; };
		3CB109AD1D74FC5E002C4121 /* DataStore.cpp in Sources */ = {isa = PBXBuildFile; fileRef = 3CB109AB1D74FC5E002C4121 /* DataStore.cpp */; };
		3CB109B01D74FF92002C4121 /* FDNumber.cpp in Sources */ = {isa = PBXBuildFile; fileRef = 3CB109AE1D74FF92002C4121 /* FDNumber.cpp */; };
		3CD12EF71D6BB11600CDF793 /* Title_Continue_0.png in Resources */ = {isa = PBXBuildFile; fileRef = 3CD12EF01D6BB11600CDF793 /* Title_Continue_0.png */; };
		3CD12EF81D6BB11600CDF793 /* Title_Continue_1.png in Resources */ = {isa = PBXBuildFile; fileRef = 3CD12EF11D6BB11600CDF793 /* Title_Continue_1.png */; };
		3CD12EF91D6BB11600CDF793 /* Title_Load_0.png in Resources */ = {isa = PBXBuildFile; fileRef = 3CD12EF21D6BB11600CDF793 /* Title_Load_0.png */; };
		3CD12EFA1D6BB11600CDF793 /* Title_Load_1.png in Resources */ = {isa = PBXBuildFile; fileRef = 3CD12EF31D6BB11600CDF793 /* Title_Load_1.png */; };
		3CD12EFB1D6BB11600CDF793 /* Title_Start_0.png in Resources */ = {isa = PBXBuildFile; fileRef = 3CD12EF41D6BB11600CDF793 /* Title_Start_0.png */; };
		3CD12EFC1D6BB11600CDF793 /* Title_Start_1.png in Resources */ = {isa = PBXBuildFile; fileRef = 3CD12EF51D6BB11600CDF793 /* Title_Start_1.png */; };
		3CD12EFD1D6BB11600CDF793 /* Title.png in Resources */ = {isa = PBXBuildFile; fileRef = 3CD12EF61D6BB11600CDF793 /* Title.png */; };
		3CD12F021D6BB26500CDF793 /* ResourceManager.cpp in Sources */ = {isa = PBXBuildFile; fileRef = 3CD12F001D6BB26500CDF793 /* ResourceManager.cpp */; };
		3CD12F071D6BC86B00CDF793 /* FDScreen.cpp in Sources */ = {isa = PBXBuildFile; fileRef = 3CD12F051D6BC86B00CDF793 /* FDScreen.cpp */; };
		3CD12F161D6CE77800CDF793 /* ChapterRecord.cpp in Sources */ = {isa = PBXBuildFile; fileRef = 3CD12F141D6CE77800CDF793 /* ChapterRecord.cpp */; };
		3CD12F191D6CE7F200CDF793 /* CreatureRecord.cpp in Sources */ = {isa = PBXBuildFile; fileRef = 3CD12F171D6CE7F200CDF793 /* CreatureRecord.cpp */; };
		3CD12F1C1D6D033800CDF793 /* BattleRecord.cpp in Sources */ = {isa = PBXBuildFile; fileRef = 3CD12F1A1D6D033800CDF793 /* BattleRecord.cpp */; };
		3CD12F201D6D051200CDF793 /* StringUtil.cpp in Sources */ = {isa = PBXBuildFile; fileRef = 3CD12F1E1D6D051200CDF793 /* StringUtil.cpp */; };
		3CD12F231D6D058000CDF793 /* TextFileReader.cpp in Sources */ = {isa = PBXBuildFile; fileRef = 3CD12F211D6D058000CDF793 /* TextFileReader.cpp */; };
		3CD12F291D6D065800CDF793 /* BattleField.cpp in Sources */ = {isa = PBXBuildFile; fileRef = 3CD12F261D6D065800CDF793 /* BattleField.cpp */; };
		3CD12F2A1D6D065800CDF793 /* BattleScene.cpp in Sources */ = {isa = PBXBuildFile; fileRef = 3CD12F281D6D065800CDF793 /* BattleScene.cpp */; };
		3CD12F2C1D6D073F00CDF793 /* Maps in Resources */ = {isa = PBXBuildFile; fileRef = 3CD12F2B1D6D073F00CDF793 /* Maps */; };
		3CD12F2E1D6D074800CDF793 /* Data in Resources */ = {isa = PBXBuildFile; fileRef = 3CD12F2D1D6D074800CDF793 /* Data */; };
		3EACC98F19EE6D4300EB3C5E /* res in Resources */ = {isa = PBXBuildFile; fileRef = 3EACC98E19EE6D4300EB3C5E /* res */; };
		3EACC99019EE6D4300EB3C5E /* res in Resources */ = {isa = PBXBuildFile; fileRef = 3EACC98E19EE6D4300EB3C5E /* res */; };
		46880B7B19C43A67006E1F66 /* CloseNormal.png in Resources */ = {isa = PBXBuildFile; fileRef = 46880B7619C43A67006E1F66 /* CloseNormal.png */; };
		46880B7C19C43A67006E1F66 /* CloseNormal.png in Resources */ = {isa = PBXBuildFile; fileRef = 46880B7619C43A67006E1F66 /* CloseNormal.png */; };
		46880B7D19C43A67006E1F66 /* CloseSelected.png in Resources */ = {isa = PBXBuildFile; fileRef = 46880B7719C43A67006E1F66 /* CloseSelected.png */; };
		46880B7E19C43A67006E1F66 /* CloseSelected.png in Resources */ = {isa = PBXBuildFile; fileRef = 46880B7719C43A67006E1F66 /* CloseSelected.png */; };
		46880B8119C43A67006E1F66 /* HelloWorld.png in Resources */ = {isa = PBXBuildFile; fileRef = 46880B7A19C43A67006E1F66 /* HelloWorld.png */; };
		46880B8219C43A67006E1F66 /* HelloWorld.png in Resources */ = {isa = PBXBuildFile; fileRef = 46880B7A19C43A67006E1F66 /* HelloWorld.png */; };
		46880B8819C43A87006E1F66 /* AppDelegate.cpp in Sources */ = {isa = PBXBuildFile; fileRef = 46880B8419C43A87006E1F66 /* AppDelegate.cpp */; };
		46880B8919C43A87006E1F66 /* AppDelegate.cpp in Sources */ = {isa = PBXBuildFile; fileRef = 46880B8419C43A87006E1F66 /* AppDelegate.cpp */; };
		46880B8A19C43A87006E1F66 /* HelloWorldScene.cpp in Sources */ = {isa = PBXBuildFile; fileRef = 46880B8619C43A87006E1F66 /* HelloWorldScene.cpp */; };
		46880B8B19C43A87006E1F66 /* HelloWorldScene.cpp in Sources */ = {isa = PBXBuildFile; fileRef = 46880B8619C43A87006E1F66 /* HelloWorldScene.cpp */; };
		503AE0F817EB97AB00D1A890 /* Icon.icns in Resources */ = {isa = PBXBuildFile; fileRef = 503AE0F617EB97AB00D1A890 /* Icon.icns */; };
		503AE10017EB989F00D1A890 /* AppController.mm in Sources */ = {isa = PBXBuildFile; fileRef = 503AE0FB17EB989F00D1A890 /* AppController.mm */; };
		503AE10117EB989F00D1A890 /* main.m in Sources */ = {isa = PBXBuildFile; fileRef = 503AE0FC17EB989F00D1A890 /* main.m */; };
		503AE10217EB989F00D1A890 /* RootViewController.mm in Sources */ = {isa = PBXBuildFile; fileRef = 503AE0FF17EB989F00D1A890 /* RootViewController.mm */; };
		503AE10517EB98FF00D1A890 /* main.cpp in Sources */ = {isa = PBXBuildFile; fileRef = 503AE10317EB98FF00D1A890 /* main.cpp */; };
		503AE11B17EB9C5A00D1A890 /* IOKit.framework in Frameworks */ = {isa = PBXBuildFile; fileRef = 503AE11A17EB9C5A00D1A890 /* IOKit.framework */; };
		5087E76317EB910900C73F5D /* Foundation.framework in Frameworks */ = {isa = PBXBuildFile; fileRef = 1D30AB110D05D00D00671497 /* Foundation.framework */; };
		5087E76817EB910900C73F5D /* QuartzCore.framework in Frameworks */ = {isa = PBXBuildFile; fileRef = BF1C47EA1293683800B63C5D /* QuartzCore.framework */; };
		5087E76917EB910900C73F5D /* OpenAL.framework in Frameworks */ = {isa = PBXBuildFile; fileRef = D44C620B132DFF330009C878 /* OpenAL.framework */; };
		5087E76A17EB910900C73F5D /* AVFoundation.framework in Frameworks */ = {isa = PBXBuildFile; fileRef = D44C620D132DFF430009C878 /* AVFoundation.framework */; };
		5087E76B17EB910900C73F5D /* AudioToolbox.framework in Frameworks */ = {isa = PBXBuildFile; fileRef = D44C620F132DFF4E0009C878 /* AudioToolbox.framework */; };
		5087E77D17EB970100C73F5D /* Default-568h@2x.png in Resources */ = {isa = PBXBuildFile; fileRef = 5087E77217EB970100C73F5D /* Default-568h@2x.png */; };
		5087E77E17EB970100C73F5D /* Default.png in Resources */ = {isa = PBXBuildFile; fileRef = 5087E77317EB970100C73F5D /* Default.png */; };
		5087E77F17EB970100C73F5D /* Default@2x.png in Resources */ = {isa = PBXBuildFile; fileRef = 5087E77417EB970100C73F5D /* Default@2x.png */; };
		5087E78017EB970100C73F5D /* Icon-114.png in Resources */ = {isa = PBXBuildFile; fileRef = 5087E77517EB970100C73F5D /* Icon-114.png */; };
		5087E78117EB970100C73F5D /* Icon-120.png in Resources */ = {isa = PBXBuildFile; fileRef = 5087E77617EB970100C73F5D /* Icon-120.png */; };
		5087E78217EB970100C73F5D /* Icon-144.png in Resources */ = {isa = PBXBuildFile; fileRef = 5087E77717EB970100C73F5D /* Icon-144.png */; };
		5087E78317EB970100C73F5D /* Icon-152.png in Resources */ = {isa = PBXBuildFile; fileRef = 5087E77817EB970100C73F5D /* Icon-152.png */; };
		5087E78417EB970100C73F5D /* Icon-57.png in Resources */ = {isa = PBXBuildFile; fileRef = 5087E77917EB970100C73F5D /* Icon-57.png */; };
		5087E78517EB970100C73F5D /* Icon-72.png in Resources */ = {isa = PBXBuildFile; fileRef = 5087E77A17EB970100C73F5D /* Icon-72.png */; };
		5087E78617EB970100C73F5D /* Icon-76.png in Resources */ = {isa = PBXBuildFile; fileRef = 5087E77B17EB970100C73F5D /* Icon-76.png */; };
		5087E78917EB974C00C73F5D /* AppKit.framework in Frameworks */ = {isa = PBXBuildFile; fileRef = 5087E78817EB974C00C73F5D /* AppKit.framework */; };
		5087E78B17EB975400C73F5D /* OpenGL.framework in Frameworks */ = {isa = PBXBuildFile; fileRef = 5087E78A17EB975400C73F5D /* OpenGL.framework */; };
		50EF629617ECD46A001EB2F8 /* Icon-40.png in Resources */ = {isa = PBXBuildFile; fileRef = 50EF629217ECD46A001EB2F8 /* Icon-40.png */; };
		50EF629717ECD46A001EB2F8 /* Icon-58.png in Resources */ = {isa = PBXBuildFile; fileRef = 50EF629317ECD46A001EB2F8 /* Icon-58.png */; };
		50EF629817ECD46A001EB2F8 /* Icon-80.png in Resources */ = {isa = PBXBuildFile; fileRef = 50EF629417ECD46A001EB2F8 /* Icon-80.png */; };
		50EF629917ECD46A001EB2F8 /* Icon-100.png in Resources */ = {isa = PBXBuildFile; fileRef = 50EF629517ECD46A001EB2F8 /* Icon-100.png */; };
		50EF62A217ECD613001EB2F8 /* Icon-29.png in Resources */ = {isa = PBXBuildFile; fileRef = 50EF62A017ECD613001EB2F8 /* Icon-29.png */; };
		50EF62A317ECD613001EB2F8 /* Icon-50.png in Resources */ = {isa = PBXBuildFile; fileRef = 50EF62A117ECD613001EB2F8 /* Icon-50.png */; };
		521A8E6419F0C34300D177D7 /* Default-667h@2x.png in Resources */ = {isa = PBXBuildFile; fileRef = 521A8E6219F0C34300D177D7 /* Default-667h@2x.png */; };
		521A8E6519F0C34300D177D7 /* Default-736h@3x.png in Resources */ = {isa = PBXBuildFile; fileRef = 521A8E6319F0C34300D177D7 /* Default-736h@3x.png */; };
		521A8EA919F11F5000D177D7 /* fonts in Resources */ = {isa = PBXBuildFile; fileRef = 521A8EA819F11F5000D177D7 /* fonts */; };
		521A8EAA19F11F5000D177D7 /* fonts in Resources */ = {isa = PBXBuildFile; fileRef = 521A8EA819F11F5000D177D7 /* fonts */; };
		8262943E1AAF051F00CB7CF7 /* Security.framework in Frameworks */ = {isa = PBXBuildFile; fileRef = 8262943D1AAF051F00CB7CF7 /* Security.framework */; };
		BF1C47F01293687400B63C5D /* QuartzCore.framework in Frameworks */ = {isa = PBXBuildFile; fileRef = BF1C47EA1293683800B63C5D /* QuartzCore.framework */; };
		D44C620C132DFF330009C878 /* OpenAL.framework in Frameworks */ = {isa = PBXBuildFile; fileRef = D44C620B132DFF330009C878 /* OpenAL.framework */; };
		D44C620E132DFF430009C878 /* AVFoundation.framework in Frameworks */ = {isa = PBXBuildFile; fileRef = D44C620D132DFF430009C878 /* AVFoundation.framework */; };
		D44C6210132DFF4E0009C878 /* AudioToolbox.framework in Frameworks */ = {isa = PBXBuildFile; fileRef = D44C620F132DFF4E0009C878 /* AudioToolbox.framework */; };
/* End PBXBuildFile section */

/* Begin PBXContainerItemProxy section */
		1AC6FAF8180E9839004C840B /* PBXContainerItemProxy */ = {
			isa = PBXContainerItemProxy;
			containerPortal = 1AC6FAE5180E9839004C840B /* cocos2d_libs.xcodeproj */;
			proxyType = 2;
			remoteGlobalIDString = 1551A33F158F2AB200E66CFE;
			remoteInfo = "cocos2dx Mac";
		};
		1AC6FB06180E9839004C840B /* PBXContainerItemProxy */ = {
			isa = PBXContainerItemProxy;
			containerPortal = 1AC6FAE5180E9839004C840B /* cocos2d_libs.xcodeproj */;
			proxyType = 2;
			remoteGlobalIDString = A07A4D641783777C0073F6A7;
			remoteInfo = "cocos2dx iOS";
		};
		1AC6FB15180E9959004C840B /* PBXContainerItemProxy */ = {
			isa = PBXContainerItemProxy;
			containerPortal = 1AC6FAE5180E9839004C840B /* cocos2d_libs.xcodeproj */;
			proxyType = 1;
			remoteGlobalIDString = 1551A33E158F2AB200E66CFE;
			remoteInfo = "cocos2dx Mac";
		};
		1AC6FB24180E99E1004C840B /* PBXContainerItemProxy */ = {
			isa = PBXContainerItemProxy;
			containerPortal = 1AC6FAE5180E9839004C840B /* cocos2d_libs.xcodeproj */;
			proxyType = 1;
			remoteGlobalIDString = A07A4C241783777C0073F6A7;
			remoteInfo = "cocos2dx iOS";
		};
		3C1883441D6B9FB00059056E /* PBXContainerItemProxy */ = {
			isa = PBXContainerItemProxy;
			containerPortal = 1AC6FAE5180E9839004C840B /* cocos2d_libs.xcodeproj */;
			proxyType = 2;
			remoteGlobalIDString = 507B40FD1C31BDD30067B53E;
			remoteInfo = "libcocos2d tvOS";
		};
/* End PBXContainerItemProxy section */

/* Begin PBXFileReference section */
		1AC6FAE5180E9839004C840B /* cocos2d_libs.xcodeproj */ = {isa = PBXFileReference; lastKnownFileType = "wrapper.pb-project"; name = cocos2d_libs.xcodeproj; path = ../cocos2d/build/cocos2d_libs.xcodeproj; sourceTree = "<group>"; };
		1D30AB110D05D00D00671497 /* Foundation.framework */ = {isa = PBXFileReference; lastKnownFileType = wrapper.framework; name = Foundation.framework; path = System/Library/Frameworks/Foundation.framework; sourceTree = SDKROOT; };
		1D6058910D05DD3D006BFB54 /* FlameDragonX-mobile.app */ = {isa = PBXFileReference; explicitFileType = wrapper.application; includeInIndex = 0; path = "FlameDragonX-mobile.app"; sourceTree = BUILT_PRODUCTS_DIR; };
		288765A40DF7441C002DB57D /* CoreGraphics.framework */ = {isa = PBXFileReference; lastKnownFileType = wrapper.framework; name = CoreGraphics.framework; path = System/Library/Frameworks/CoreGraphics.framework; sourceTree = SDKROOT; };
		294D0D631D0D56D500F7F5D4 /* CoreText.framework */ = {isa = PBXFileReference; lastKnownFileType = wrapper.framework; name = CoreText.framework; path = Platforms/iPhoneOS.platform/Developer/SDKs/iPhoneOS9.3.sdk/System/Library/Frameworks/CoreText.framework; sourceTree = DEVELOPER_DIR; };
		3C1883491D6BA0810059056E /* SceneCreator.h */ = {isa = PBXFileReference; lastKnownFileType = sourcecode.c.h; name = SceneCreator.h; path = Scenes/SceneCreator.h; sourceTree = "<group>"; };
		3C18834A1D6BA0970059056E /* SceneCreator.cpp */ = {isa = PBXFileReference; fileEncoding = 4; lastKnownFileType = sourcecode.cpp.cpp; name = SceneCreator.cpp; path = Scenes/SceneCreator.cpp; sourceTree = "<group>"; };
		3C18834C1D6BA1490059056E /* TitleLayer.cpp */ = {isa = PBXFileReference; fileEncoding = 4; lastKnownFileType = sourcecode.cpp.cpp; name = TitleLayer.cpp; path = Scenes/TitleLayer.cpp; sourceTree = "<group>"; };
		3C18834D1D6BA1490059056E /* TitleLayer.hpp */ = {isa = PBXFileReference; fileEncoding = 4; lastKnownFileType = sourcecode.cpp.h; name = TitleLayer.hpp; path = Scenes/TitleLayer.hpp; sourceTree = "<group>"; };
		3C18834F1D6BA4EC0059056E /* libiconv.2.tbd */ = {isa = PBXFileReference; lastKnownFileType = "sourcecode.text-based-dylib-definition"; name = libiconv.2.tbd; path = Platforms/iPhoneOS.platform/Developer/SDKs/iPhoneOS9.3.sdk/usr/lib/libiconv.2.tbd; sourceTree = DEVELOPER_DIR; };
		3C1883511D6BA4F60059056E /* UIKit.framework */ = {isa = PBXFileReference; lastKnownFileType = wrapper.framework; name = UIKit.framework; path = Platforms/iPhoneOS.platform/Developer/SDKs/iPhoneOS9.3.sdk/System/Library/Frameworks/UIKit.framework; sourceTree = DEVELOPER_DIR; };
		3C1883571D6BA5840059056E /* OpenGLES.framework */ = {isa = PBXFileReference; lastKnownFileType = wrapper.framework; name = OpenGLES.framework; path = Platforms/iPhoneOS.platform/Developer/SDKs/iPhoneOS9.3.sdk/System/Library/Frameworks/OpenGLES.framework; sourceTree = DEVELOPER_DIR; };
		3C18835E1D6BABA10059056E /* libz.1.2.5.dylib */ = {isa = PBXFileReference; lastKnownFileType = "compiled.mach-o.dylib"; name = libz.1.2.5.dylib; path = ../../../../../usr/lib/libz.1.2.5.dylib; sourceTree = "<group>"; };
		3C1883601D6BAC130059056E /* CoreMotion.framework */ = {isa = PBXFileReference; lastKnownFileType = wrapper.framework; name = CoreMotion.framework; path = Platforms/iPhoneOS.platform/Developer/SDKs/iPhoneOS9.3.sdk/System/Library/Frameworks/CoreMotion.framework; sourceTree = DEVELOPER_DIR; };
		3C8D68161D78EA2F00CC3616 /* CombinedActivity.cpp */ = {isa = PBXFileReference; fileEncoding = 4; lastKnownFileType = sourcecode.cpp.cpp; name = CombinedActivity.cpp; path = Activities/CombinedActivity.cpp; sourceTree = "<group>"; };
		3C8D68171D78EA2F00CC3616 /* CombinedActivity.hpp */ = {isa = PBXFileReference; fileEncoding = 4; lastKnownFileType = sourcecode.cpp.h; name = CombinedActivity.hpp; path = Activities/CombinedActivity.hpp; sourceTree = "<group>"; };
		3C8D68191D78EAAE00CC3616 /* FieldActivity.cpp */ = {isa = PBXFileReference; fileEncoding = 4; lastKnownFileType = sourcecode.cpp.cpp; name = FieldActivity.cpp; path = Activities/FieldActivity.cpp; sourceTree = "<group>"; };
		3C8D681A1D78EAAE00CC3616 /* FieldActivity.hpp */ = {isa = PBXFileReference; fileEncoding = 4; lastKnownFileType = sourcecode.cpp.h; name = FieldActivity.hpp; path = Activities/FieldActivity.hpp; sourceTree = "<group>"; };
		3C8D681C1D78EB3B00CC3616 /* GlobalActivity.cpp */ = {isa = PBXFileReference; fileEncoding = 4; lastKnownFileType = sourcecode.cpp.cpp; name = GlobalActivity.cpp; path = Activities/GlobalActivity.cpp; sourceTree = "<group>"; };
		3C8D681D1D78EB3B00CC3616 /* GlobalActivity.hpp */ = {isa = PBXFileReference; fileEncoding = 4; lastKnownFileType = sourcecode.cpp.h; name = GlobalActivity.hpp; path = Activities/GlobalActivity.hpp; sourceTree = "<group>"; };
		3C8D681F1D78EEC900CC3616 /* BatchActivity.cpp */ = {isa = PBXFileReference; fileEncoding = 4; lastKnownFileType = sourcecode.cpp.cpp; name = BatchActivity.cpp; path = Activities/BatchActivity.cpp; sourceTree = "<group>"; };
		3C8D68201D78EEC900CC3616 /* BatchActivity.hpp */ = {isa = PBXFileReference; fileEncoding = 4; lastKnownFileType = sourcecode.cpp.h; name = BatchActivity.hpp; path = Activities/BatchActivity.hpp; sourceTree = "<group>"; };
		3C8D68221D78F24300CC3616 /* CreatureMoveActivity.cpp */ = {isa = PBXFileReference; fileEncoding = 4; lastKnownFileType = sourcecode.cpp.cpp; name = CreatureMoveActivity.cpp; path = Activities/CreatureMoveActivity.cpp; sourceTree = "<group>"; };
		3C8D68231D78F24300CC3616 /* CreatureMoveActivity.hpp */ = {isa = PBXFileReference; fileEncoding = 4; lastKnownFileType = sourcecode.cpp.h; name = CreatureMoveActivity.hpp; path = Activities/CreatureMoveActivity.hpp; sourceTree = "<group>"; };
		3C8D68251D78F92300CC3616 /* ScopeIndicator.cpp */ = {isa = PBXFileReference; fileEncoding = 4; lastKnownFileType = sourcecode.cpp.cpp; name = ScopeIndicator.cpp; path = Objects/ScopeIndicator.cpp; sourceTree = "<group>"; };
		3C8D68261D78F92300CC3616 /* ScopeIndicator.hpp */ = {isa = PBXFileReference; fileEncoding = 4; lastKnownFileType = sourcecode.cpp.h; name = ScopeIndicator.hpp; path = Objects/ScopeIndicator.hpp; sourceTree = "<group>"; };
		3C8D68281D78FB8000CC3616 /* Others */ = {isa = PBXFileReference; lastKnownFileType = folder; path = Others; sourceTree = "<group>"; };
		3C8D682D1D79F4A900CC3616 /* FDEvent.cpp */ = {isa = PBXFileReference; fileEncoding = 4; lastKnownFileType = sourcecode.cpp.cpp; name = FDEvent.cpp; path = Battle/Events/FDEvent.cpp; sourceTree = "<group>"; };
		3C8D682E1D79F4A900CC3616 /* FDEvent.hpp */ = {isa = PBXFileReference; fileEncoding = 4; lastKnownFileType = sourcecode.cpp.h; name = FDEvent.hpp; path = Battle/Events/FDEvent.hpp; sourceTree = "<group>"; };
		3C8D68301D79F4E600CC3616 /* EventCondition.cpp */ = {isa = PBXFileReference; fileEncoding = 4; lastKnownFileType = sourcecode.cpp.cpp; name = EventCondition.cpp; path = Battle/Events/Condition/EventCondition.cpp; sourceTree = "<group>"; };
		3C8D68311D79F4E600CC3616 /* EventCondition.hpp */ = {isa = PBXFileReference; fileEncoding = 4; lastKnownFileType = sourcecode.cpp.h; name = EventCondition.hpp; path = Battle/Events/Condition/EventCondition.hpp; sourceTree = "<group>"; };
		3C8D68331D79F52500CC3616 /* EventHandler.cpp */ = {isa = PBXFileReference; fileEncoding = 4; lastKnownFileType = sourcecode.cpp.cpp; name = EventHandler.cpp; path = Battle/Events/EventHandler.cpp; sourceTree = "<group>"; };
		3C8D68341D79F52500CC3616 /* EventHandler.hpp */ = {isa = PBXFileReference; fileEncoding = 4; lastKnownFileType = sourcecode.cpp.h; name = EventHandler.hpp; path = Battle/Events/EventHandler.hpp; sourceTree = "<group>"; };
		3C8D68361D79F54900CC3616 /* EventLoader.cpp */ = {isa = PBXFileReference; fileEncoding = 4; lastKnownFileType = sourcecode.cpp.cpp; name = EventLoader.cpp; path = Battle/Events/EventLoader.cpp; sourceTree = "<group>"; };
		3C8D68371D79F54900CC3616 /* EventLoader.hpp */ = {isa = PBXFileReference; fileEncoding = 4; lastKnownFileType = sourcecode.cpp.h; name = EventLoader.hpp; path = Battle/Events/EventLoader.hpp; sourceTree = "<group>"; };
		3C8D68391D79F56E00CC3616 /* EventLoaderFactory.cpp */ = {isa = PBXFileReference; fileEncoding = 4; lastKnownFileType = sourcecode.cpp.cpp; name = EventLoaderFactory.cpp; path = Battle/Events/EventLoaderFactory.cpp; sourceTree = "<group>"; };
		3C8D683A1D79F56E00CC3616 /* EventLoaderFactory.hpp */ = {isa = PBXFileReference; fileEncoding = 4; lastKnownFileType = sourcecode.cpp.h; name = EventLoaderFactory.hpp; path = Battle/Events/EventLoaderFactory.hpp; sourceTree = "<group>"; };
		3C8D683C1D79F5BB00CC3616 /* EventChapter1.cpp */ = {isa = PBXFileReference; fileEncoding = 4; lastKnownFileType = sourcecode.cpp.cpp; name = EventChapter1.cpp; path = Battle/Events/Chapter/EventChapter1.cpp; sourceTree = "<group>"; };
		3C8D683D1D79F5BB00CC3616 /* EventChapter1.hpp */ = {isa = PBXFileReference; fileEncoding = 4; lastKnownFileType = sourcecode.cpp.h; name = EventChapter1.hpp; path = Battle/Events/Chapter/EventChapter1.hpp; sourceTree = "<group>"; };
		3C8D683F1D7A095E00CC3616 /* EventChapterCommon.cpp */ = {isa = PBXFileReference; fileEncoding = 4; lastKnownFileType = sourcecode.cpp.cpp; name = EventChapterCommon.cpp; path = Battle/Events/Chapter/EventChapterCommon.cpp; sourceTree = "<group>"; };
		3C8D68401D7A095E00CC3616 /* EventChapterCommon.hpp */ = {isa = PBXFileReference; fileEncoding = 4; lastKnownFileType = sourcecode.cpp.h; name = EventChapterCommon.hpp; path = Battle/Events/Chapter/EventChapterCommon.hpp; sourceTree = "<group>"; };
		3C8D68421D7A09C200CC3616 /* EventMethod.cpp */ = {isa = PBXFileReference; fileEncoding = 4; lastKnownFileType = sourcecode.cpp.cpp; name = EventMethod.cpp; path = Battle/EventMethod.cpp; sourceTree = "<group>"; };
		3C8D68431D7A09C200CC3616 /* EventMethod.hpp */ = {isa = PBXFileReference; fileEncoding = 4; lastKnownFileType = sourcecode.cpp.h; name = EventMethod.hpp; path = Battle/EventMethod.hpp; sourceTree = "<group>"; };
		3CA318241D760AD00042B56A /* CreatureData.cpp */ = {isa = PBXFileReference; fileEncoding = 4; lastKnownFileType = sourcecode.cpp.cpp; name = CreatureData.cpp; path = Objects/CreatureData.cpp; sourceTree = "<group>"; };
		3CA318251D760AD00042B56A /* CreatureData.hpp */ = {isa = PBXFileReference; fileEncoding = 4; lastKnownFileType = sourcecode.cpp.h; name = CreatureData.hpp; path = Objects/CreatureData.hpp; sourceTree = "<group>"; };
		3CA318271D760C6D0042B56A /* AICreature.cpp */ = {isa = PBXFileReference; fileEncoding = 4; lastKnownFileType = sourcecode.cpp.cpp; name = AICreature.cpp; path = Objects/AICreature.cpp; sourceTree = "<group>"; };
		3CA318281D760C6D0042B56A /* AICreature.hpp */ = {isa = PBXFileReference; fileEncoding = 4; lastKnownFileType = sourcecode.cpp.h; name = AICreature.hpp; path = Objects/AICreature.hpp; sourceTree = "<group>"; };
		3CA3182A1D760E260042B56A /* DefendItemDefinition.cpp */ = {isa = PBXFileReference; fileEncoding = 4; lastKnownFileType = sourcecode.cpp.cpp; name = DefendItemDefinition.cpp; path = Data/Item/DefendItemDefinition.cpp; sourceTree = "<group>"; };
		3CA3182B1D760E260042B56A /* DefendItemDefinition.hpp */ = {isa = PBXFileReference; fileEncoding = 4; lastKnownFileType = sourcecode.cpp.h; name = DefendItemDefinition.hpp; path = Data/Item/DefendItemDefinition.hpp; sourceTree = "<group>"; };
		3CA3182D1D7613630042B56A /* FDRange.cpp */ = {isa = PBXFileReference; fileEncoding = 4; lastKnownFileType = sourcecode.cpp.cpp; name = FDRange.cpp; path = Common/FDRange.cpp; sourceTree = "<group>"; };
		3CA3182E1D7613630042B56A /* FDRange.hpp */ = {isa = PBXFileReference; fileEncoding = 4; lastKnownFileType = sourcecode.cpp.h; name = FDRange.hpp; path = Common/FDRange.hpp; sourceTree = "<group>"; };
		3CB109631D6D0D06002C4121 /* TouchHandler.cpp */ = {isa = PBXFileReference; fileEncoding = 4; lastKnownFileType = sourcecode.cpp.cpp; name = TouchHandler.cpp; path = Battle/TouchHandler.cpp; sourceTree = "<group>"; };
		3CB109641D6D0D06002C4121 /* TouchHandler.hpp */ = {isa = PBXFileReference; fileEncoding = 4; lastKnownFileType = sourcecode.cpp.h; name = TouchHandler.hpp; path = Battle/TouchHandler.hpp; sourceTree = "<group>"; };
		3CB109671D6E0BD1002C4121 /* Ground.cpp */ = {isa = PBXFileReference; fileEncoding = 4; lastKnownFileType = sourcecode.cpp.cpp; name = Ground.cpp; path = Battle/Ground.cpp; sourceTree = "<group>"; };
		3CB109681D6E0BD1002C4121 /* Ground.hpp */ = {isa = PBXFileReference; fileEncoding = 4; lastKnownFileType = sourcecode.cpp.h; name = Ground.hpp; path = Battle/Ground.hpp; sourceTree = "<group>"; };
		3CB1096A1D6E5E66002C4121 /* Icons */ = {isa = PBXFileReference; lastKnownFileType = folder; path = Icons; sourceTree = "<group>"; };
		3CB1096D1D6E6B8F002C4121 /* BattleObject.cpp */ = {isa = PBXFileReference; fileEncoding = 4; lastKnownFileType = sourcecode.cpp.cpp; name = BattleObject.cpp; path = Objects/BattleObject.cpp; sourceTree = "<group>"; };
		3CB1096E1D6E6B8F002C4121 /* BattleObject.hpp */ = {isa = PBXFileReference; fileEncoding = 4; lastKnownFileType = sourcecode.cpp.h; name = BattleObject.hpp; path = Objects/BattleObject.hpp; sourceTree = "<group>"; };
		3CB109701D6E6BC3002C4121 /* Creature.cpp */ = {isa = PBXFileReference; fileEncoding = 4; lastKnownFileType = sourcecode.cpp.cpp; name = Creature.cpp; path = Objects/Creature.cpp; sourceTree = "<group>"; };
		3CB109711D6E6BC3002C4121 /* Creature.hpp */ = {isa = PBXFileReference; fileEncoding = 4; lastKnownFileType = sourcecode.cpp.h; name = Creature.hpp; path = Objects/Creature.hpp; sourceTree = "<group>"; };
		3CB109731D6E6FD6002C4121 /* Friend.cpp */ = {isa = PBXFileReference; fileEncoding = 4; lastKnownFileType = sourcecode.cpp.cpp; name = Friend.cpp; path = Objects/Friend.cpp; sourceTree = "<group>"; };
		3CB109741D6E6FD6002C4121 /* Friend.hpp */ = {isa = PBXFileReference; fileEncoding = 4; lastKnownFileType = sourcecode.cpp.h; name = Friend.hpp; path = Objects/Friend.hpp; sourceTree = "<group>"; };
		3CB109771D6F6489002C4121 /* FDFrame.cpp */ = {isa = PBXFileReference; fileEncoding = 4; lastKnownFileType = sourcecode.cpp.cpp; name = FDFrame.cpp; path = Animation/FDFrame.cpp; sourceTree = "<group>"; };
		3CB109781D6F6489002C4121 /* FDFrame.hpp */ = {isa = PBXFileReference; fileEncoding = 4; lastKnownFileType = sourcecode.cpp.h; name = FDFrame.hpp; path = Animation/FDFrame.hpp; sourceTree = "<group>"; };
		3CB1097A1D6F6635002C4121 /* SlideAnimation.cpp */ = {isa = PBXFileReference; fileEncoding = 4; lastKnownFileType = sourcecode.cpp.cpp; name = SlideAnimation.cpp; path = Animation/SlideAnimation.cpp; sourceTree = "<group>"; };
		3CB1097B1D6F6635002C4121 /* SlideAnimation.hpp */ = {isa = PBXFileReference; fileEncoding = 4; lastKnownFileType = sourcecode.cpp.h; name = SlideAnimation.hpp; path = Animation/SlideAnimation.hpp; sourceTree = "<group>"; };
		3CB1097D1D6F69AC002C4121 /* FDAnimate.cpp */ = {isa = PBXFileReference; fileEncoding = 4; lastKnownFileType = sourcecode.cpp.cpp; name = FDAnimate.cpp; path = Animation/FDAnimate.cpp; sourceTree = "<group>"; };
		3CB1097E1D6F69AC002C4121 /* FDAnimate.hpp */ = {isa = PBXFileReference; fileEncoding = 4; lastKnownFileType = sourcecode.cpp.h; name = FDAnimate.hpp; path = Animation/FDAnimate.hpp; sourceTree = "<group>"; };
		3CB109801D6F74BC002C4121 /* CreatureDefinition.cpp */ = {isa = PBXFileReference; fileEncoding = 4; lastKnownFileType = sourcecode.cpp.cpp; name = CreatureDefinition.cpp; path = Data/CreatureDefinition.cpp; sourceTree = "<group>"; };
		3CB109811D6F74BC002C4121 /* CreatureDefinition.hpp */ = {isa = PBXFileReference; fileEncoding = 4; lastKnownFileType = sourcecode.cpp.h; name = CreatureDefinition.hpp; path = Data/CreatureDefinition.hpp; sourceTree = "<group>"; };
		3CB109831D6F7626002C4121 /* AnimationLibrary.cpp */ = {isa = PBXFileReference; fileEncoding = 4; lastKnownFileType = sourcecode.cpp.cpp; name = AnimationLibrary.cpp; path = Animation/AnimationLibrary.cpp; sourceTree = "<group>"; };
		3CB109841D6F7626002C4121 /* AnimationLibrary.hpp */ = {isa = PBXFileReference; fileEncoding = 4; lastKnownFileType = sourcecode.cpp.h; name = AnimationLibrary.hpp; path = Animation/AnimationLibrary.hpp; sourceTree = "<group>"; };
		3CB109871D74CCAB002C4121 /* FDActivity.cpp */ = {isa = PBXFileReference; fileEncoding = 4; lastKnownFileType = sourcecode.cpp.cpp; name = FDActivity.cpp; path = Activities/FDActivity.cpp; sourceTree = "<group>"; };
		3CB109881D74CCAB002C4121 /* FDActivity.hpp */ = {isa = PBXFileReference; fileEncoding = 4; lastKnownFileType = sourcecode.cpp.h; name = FDActivity.hpp; path = Activities/FDActivity.hpp; sourceTree = "<group>"; };
		3CB1098A1D74CE92002C4121 /* SimpleMoveActivity.cpp */ = {isa = PBXFileReference; fileEncoding = 4; lastKnownFileType = sourcecode.cpp.cpp; name = SimpleMoveActivity.cpp; path = Activities/SimpleMoveActivity.cpp; sourceTree = "<group>"; };
		3CB1098B1D74CE92002C4121 /* SimpleMoveActivity.hpp */ = {isa = PBXFileReference; fileEncoding = 4; lastKnownFileType = sourcecode.cpp.h; name = SimpleMoveActivity.hpp; path = Activities/SimpleMoveActivity.hpp; sourceTree = "<group>"; };
		3CB1098D1D74D0CE002C4121 /* ActivityQueue.cpp */ = {isa = PBXFileReference; fileEncoding = 4; lastKnownFileType = sourcecode.cpp.cpp; name = ActivityQueue.cpp; path = Activities/ActivityQueue.cpp; sourceTree = "<group>"; };
		3CB1098E1D74D0CE002C4121 /* ActivityQueue.hpp */ = {isa = PBXFileReference; fileEncoding = 4; lastKnownFileType = sourcecode.cpp.h; name = ActivityQueue.hpp; path = Activities/ActivityQueue.hpp; sourceTree = "<group>"; };
		3CB109911D74ECB1002C4121 /* Constants.cpp */ = {isa = PBXFileReference; fileEncoding = 4; lastKnownFileType = sourcecode.cpp.cpp; name = Constants.cpp; path = Common/Constants.cpp; sourceTree = "<group>"; };
		3CB109921D74ECB1002C4121 /* Constants.hpp */ = {isa = PBXFileReference; fileEncoding = 4; lastKnownFileType = sourcecode.cpp.h; name = Constants.hpp; path = Common/Constants.hpp; sourceTree = "<group>"; };
		3CB109951D74F33C002C4121 /* MagicDefinition.cpp */ = {isa = PBXFileReference; fileEncoding = 4; lastKnownFileType = sourcecode.cpp.cpp; name = MagicDefinition.cpp; path = Data/MagicDefinition.cpp; sourceTree = "<group>"; };
		3CB109961D74F33C002C4121 /* MagicDefinition.hpp */ = {isa = PBXFileReference; fileEncoding = 4; lastKnownFileType = sourcecode.cpp.h; name = MagicDefinition.hpp; path = Data/MagicDefinition.hpp; sourceTree = "<group>"; };
		3CB109991D74F3E2002C4121 /* ItemDefinition.cpp */ = {isa = PBXFileReference; fileEncoding = 4; lastKnownFileType = sourcecode.cpp.cpp; name = ItemDefinition.cpp; path = Data/Item/ItemDefinition.cpp; sourceTree = "<group>"; };
		3CB1099A1D74F3E2002C4121 /* ItemDefinition.hpp */ = {isa = PBXFileReference; fileEncoding = 4; lastKnownFileType = sourcecode.cpp.h; name = ItemDefinition.hpp; path = Data/Item/ItemDefinition.hpp; sourceTree = "<group>"; };
		3CB1099C1D74F3FE002C4121 /* UsableItemDefinition.cpp */ = {isa = PBXFileReference; fileEncoding = 4; lastKnownFileType = sourcecode.cpp.cpp; name = UsableItemDefinition.cpp; path = Data/Item/UsableItemDefinition.cpp; sourceTree = "<group>"; };
		3CB1099D1D74F3FE002C4121 /* UsableItemDefinition.hpp */ = {isa = PBXFileReference; fileEncoding = 4; lastKnownFileType = sourcecode.cpp.h; name = UsableItemDefinition.hpp; path = Data/Item/UsableItemDefinition.hpp; sourceTree = "<group>"; };
		3CB1099F1D74F41E002C4121 /* AttackItemDefinition.cpp */ = {isa = PBXFileReference; fileEncoding = 4; lastKnownFileType = sourcecode.cpp.cpp; name = AttackItemDefinition.cpp; path = Data/Item/AttackItemDefinition.cpp; sourceTree = "<group>"; };
		3CB109A01D74F41E002C4121 /* AttackItemDefinition.hpp */ = {isa = PBXFileReference; fileEncoding = 4; lastKnownFileType = sourcecode.cpp.h; name = AttackItemDefinition.hpp; path = Data/Item/AttackItemDefinition.hpp; sourceTree = "<group>"; };
		3CB109A21D74F440002C4121 /* SpecialItemDefinition.cpp */ = {isa = PBXFileReference; fileEncoding = 4; lastKnownFileType = sourcecode.cpp.cpp; name = SpecialItemDefinition.cpp; path = Data/Item/SpecialItemDefinition.cpp; sourceTree = "<group>"; };
		3CB109A31D74F440002C4121 /* SpecialItemDefinition.hpp */ = {isa = PBXFileReference; fileEncoding = 4; lastKnownFileType = sourcecode.cpp.h; name = SpecialItemDefinition.hpp; path = Data/Item/SpecialItemDefinition.hpp; sourceTree = "<group>"; };
		3CB109A51D74F46C002C4121 /* MoneyItemDefinition.cpp */ = {isa = PBXFileReference; fileEncoding = 4; lastKnownFileType = sourcecode.cpp.cpp; name = MoneyItemDefinition.cpp; path = Data/Item/MoneyItemDefinition.cpp; sourceTree = "<group>"; };
		3CB109A61D74F46C002C4121 /* MoneyItemDefinition.hpp */ = {isa = PBXFileReference; fileEncoding = 4; lastKnownFileType = sourcecode.cpp.h; name = MoneyItemDefinition.hpp; path = Data/Item/MoneyItemDefinition.hpp; sourceTree = "<group>"; };
		3CB109A81D74F816002C4121 /* CreatureChapterRecord.cpp */ = {isa = PBXFileReference; fileEncoding = 4; lastKnownFileType = sourcecode.cpp.cpp; name = CreatureChapterRecord.cpp; path = Records/CreatureChapterRecord.cpp; sourceTree = "<group>"; };
		3CB109A91D74F816002C4121 /* CreatureChapterRecord.hpp */ = {isa = PBXFileReference; fileEncoding = 4; lastKnownFileType = sourcecode.cpp.h; name = CreatureChapterRecord.hpp; path = Records/CreatureChapterRecord.hpp; sourceTree = "<group>"; };
		3CB109AB1D74FC5E002C4121 /* DataStore.cpp */ = {isa = PBXFileReference; fileEncoding = 4; lastKnownFileType = sourcecode.cpp.cpp; name = DataStore.cpp; path = Data/DataStore.cpp; sourceTree = "<group>"; };
		3CB109AC1D74FC5E002C4121 /* DataStore.hpp */ = {isa = PBXFileReference; fileEncoding = 4; lastKnownFileType = sourcecode.cpp.h; name = DataStore.hpp; path = Data/DataStore.hpp; sourceTree = "<group>"; };
		3CB109AE1D74FF92002C4121 /* FDNumber.cpp */ = {isa = PBXFileReference; fileEncoding = 4; lastKnownFileType = sourcecode.cpp.cpp; name = FDNumber.cpp; path = Common/FDNumber.cpp; sourceTree = "<group>"; };
		3CB109AF1D74FF92002C4121 /* FDNumber.hpp */ = {isa = PBXFileReference; fileEncoding = 4; lastKnownFileType = sourcecode.cpp.h; name = FDNumber.hpp; path = Common/FDNumber.hpp; sourceTree = "<group>"; };
		3CD12EF01D6BB11600CDF793 /* Title_Continue_0.png */ = {isa = PBXFileReference; lastKnownFileType = image.png; name = Title_Continue_0.png; path = Title/Title_Continue_0.png; sourceTree = "<group>"; };
		3CD12EF11D6BB11600CDF793 /* Title_Continue_1.png */ = {isa = PBXFileReference; lastKnownFileType = image.png; name = Title_Continue_1.png; path = Title/Title_Continue_1.png; sourceTree = "<group>"; };
		3CD12EF21D6BB11600CDF793 /* Title_Load_0.png */ = {isa = PBXFileReference; lastKnownFileType = image.png; name = Title_Load_0.png; path = Title/Title_Load_0.png; sourceTree = "<group>"; };
		3CD12EF31D6BB11600CDF793 /* Title_Load_1.png */ = {isa = PBXFileReference; lastKnownFileType = image.png; name = Title_Load_1.png; path = Title/Title_Load_1.png; sourceTree = "<group>"; };
		3CD12EF41D6BB11600CDF793 /* Title_Start_0.png */ = {isa = PBXFileReference; lastKnownFileType = image.png; name = Title_Start_0.png; path = Title/Title_Start_0.png; sourceTree = "<group>"; };
		3CD12EF51D6BB11600CDF793 /* Title_Start_1.png */ = {isa = PBXFileReference; lastKnownFileType = image.png; name = Title_Start_1.png; path = Title/Title_Start_1.png; sourceTree = "<group>"; };
		3CD12EF61D6BB11600CDF793 /* Title.png */ = {isa = PBXFileReference; lastKnownFileType = image.png; name = Title.png; path = Title/Title.png; sourceTree = "<group>"; };
		3CD12F001D6BB26500CDF793 /* ResourceManager.cpp */ = {isa = PBXFileReference; fileEncoding = 4; lastKnownFileType = sourcecode.cpp.cpp; name = ResourceManager.cpp; path = Common/ResourceManager.cpp; sourceTree = "<group>"; };
		3CD12F011D6BB26500CDF793 /* ResourceManager.hpp */ = {isa = PBXFileReference; fileEncoding = 4; lastKnownFileType = sourcecode.cpp.h; name = ResourceManager.hpp; path = Common/ResourceManager.hpp; sourceTree = "<group>"; };
		3CD12F051D6BC86B00CDF793 /* FDScreen.cpp */ = {isa = PBXFileReference; fileEncoding = 4; lastKnownFileType = sourcecode.cpp.cpp; name = FDScreen.cpp; path = Scenes/FDScreen.cpp; sourceTree = "<group>"; };
		3CD12F061D6BC86B00CDF793 /* FDScreen.hpp */ = {isa = PBXFileReference; fileEncoding = 4; lastKnownFileType = sourcecode.cpp.h; name = FDScreen.hpp; path = Scenes/FDScreen.hpp; sourceTree = "<group>"; };
		3CD12F141D6CE77800CDF793 /* ChapterRecord.cpp */ = {isa = PBXFileReference; fileEncoding = 4; lastKnownFileType = sourcecode.cpp.cpp; name = ChapterRecord.cpp; path = Records/ChapterRecord.cpp; sourceTree = "<group>"; };
		3CD12F151D6CE77800CDF793 /* ChapterRecord.hpp */ = {isa = PBXFileReference; fileEncoding = 4; lastKnownFileType = sourcecode.cpp.h; name = ChapterRecord.hpp; path = Records/ChapterRecord.hpp; sourceTree = "<group>"; };
		3CD12F171D6CE7F200CDF793 /* CreatureRecord.cpp */ = {isa = PBXFileReference; fileEncoding = 4; lastKnownFileType = sourcecode.cpp.cpp; name = CreatureRecord.cpp; path = Records/CreatureRecord.cpp; sourceTree = "<group>"; };
		3CD12F181D6CE7F200CDF793 /* CreatureRecord.hpp */ = {isa = PBXFileReference; fileEncoding = 4; lastKnownFileType = sourcecode.cpp.h; name = CreatureRecord.hpp; path = Records/CreatureRecord.hpp; sourceTree = "<group>"; };
		3CD12F1A1D6D033800CDF793 /* BattleRecord.cpp */ = {isa = PBXFileReference; fileEncoding = 4; lastKnownFileType = sourcecode.cpp.cpp; name = BattleRecord.cpp; path = Records/BattleRecord.cpp; sourceTree = "<group>"; };
		3CD12F1B1D6D033800CDF793 /* BattleRecord.hpp */ = {isa = PBXFileReference; fileEncoding = 4; lastKnownFileType = sourcecode.cpp.h; name = BattleRecord.hpp; path = Records/BattleRecord.hpp; sourceTree = "<group>"; };
		3CD12F1E1D6D051200CDF793 /* StringUtil.cpp */ = {isa = PBXFileReference; fileEncoding = 4; lastKnownFileType = sourcecode.cpp.cpp; name = StringUtil.cpp; path = Common/StringUtil.cpp; sourceTree = "<group>"; };
		3CD12F1F1D6D051200CDF793 /* StringUtil.hpp */ = {isa = PBXFileReference; fileEncoding = 4; lastKnownFileType = sourcecode.cpp.h; name = StringUtil.hpp; path = Common/StringUtil.hpp; sourceTree = "<group>"; };
		3CD12F211D6D058000CDF793 /* TextFileReader.cpp */ = {isa = PBXFileReference; fileEncoding = 4; lastKnownFileType = sourcecode.cpp.cpp; name = TextFileReader.cpp; path = Common/TextFileReader.cpp; sourceTree = "<group>"; };
		3CD12F221D6D058000CDF793 /* TextFileReader.hpp */ = {isa = PBXFileReference; fileEncoding = 4; lastKnownFileType = sourcecode.cpp.h; name = TextFileReader.hpp; path = Common/TextFileReader.hpp; sourceTree = "<group>"; };
		3CD12F251D6D064E00CDF793 /* BattleScene.hpp */ = {isa = PBXFileReference; fileEncoding = 4; lastKnownFileType = sourcecode.cpp.h; name = BattleScene.hpp; path = Battle/BattleScene.hpp; sourceTree = "<group>"; };
		3CD12F261D6D065800CDF793 /* BattleField.cpp */ = {isa = PBXFileReference; fileEncoding = 4; lastKnownFileType = sourcecode.cpp.cpp; name = BattleField.cpp; path = Battle/BattleField.cpp; sourceTree = "<group>"; };
		3CD12F271D6D065800CDF793 /* BattleField.hpp */ = {isa = PBXFileReference; fileEncoding = 4; lastKnownFileType = sourcecode.cpp.h; name = BattleField.hpp; path = Battle/BattleField.hpp; sourceTree = "<group>"; };
		3CD12F281D6D065800CDF793 /* BattleScene.cpp */ = {isa = PBXFileReference; fileEncoding = 4; lastKnownFileType = sourcecode.cpp.cpp; name = BattleScene.cpp; path = Battle/BattleScene.cpp; sourceTree = "<group>"; };
		3CD12F2B1D6D073F00CDF793 /* Maps */ = {isa = PBXFileReference; lastKnownFileType = folder; path = Maps; sourceTree = "<group>"; };
		3CD12F2D1D6D074800CDF793 /* Data */ = {isa = PBXFileReference; lastKnownFileType = folder; path = Data; sourceTree = "<group>"; };
		3EACC98E19EE6D4300EB3C5E /* res */ = {isa = PBXFileReference; lastKnownFileType = folder; path = res; sourceTree = "<group>"; };
		46880B7619C43A67006E1F66 /* CloseNormal.png */ = {isa = PBXFileReference; lastKnownFileType = image.png; path = CloseNormal.png; sourceTree = "<group>"; };
		46880B7719C43A67006E1F66 /* CloseSelected.png */ = {isa = PBXFileReference; lastKnownFileType = image.png; path = CloseSelected.png; sourceTree = "<group>"; };
		46880B7A19C43A67006E1F66 /* HelloWorld.png */ = {isa = PBXFileReference; lastKnownFileType = image.png; path = HelloWorld.png; sourceTree = "<group>"; };
		46880B8419C43A87006E1F66 /* AppDelegate.cpp */ = {isa = PBXFileReference; fileEncoding = 4; lastKnownFileType = sourcecode.cpp.cpp; path = AppDelegate.cpp; sourceTree = "<group>"; };
		46880B8519C43A87006E1F66 /* AppDelegate.h */ = {isa = PBXFileReference; fileEncoding = 4; lastKnownFileType = sourcecode.c.h; path = AppDelegate.h; sourceTree = "<group>"; };
		46880B8619C43A87006E1F66 /* HelloWorldScene.cpp */ = {isa = PBXFileReference; fileEncoding = 4; lastKnownFileType = sourcecode.cpp.cpp; path = HelloWorldScene.cpp; sourceTree = "<group>"; };
		46880B8719C43A87006E1F66 /* HelloWorldScene.h */ = {isa = PBXFileReference; fileEncoding = 4; lastKnownFileType = sourcecode.c.h; path = HelloWorldScene.h; sourceTree = "<group>"; };
		503AE0F617EB97AB00D1A890 /* Icon.icns */ = {isa = PBXFileReference; lastKnownFileType = image.icns; path = Icon.icns; sourceTree = "<group>"; };
		503AE0F717EB97AB00D1A890 /* Info.plist */ = {isa = PBXFileReference; fileEncoding = 4; lastKnownFileType = text.plist.xml; path = Info.plist; sourceTree = "<group>"; };
		503AE0FA17EB989F00D1A890 /* AppController.h */ = {isa = PBXFileReference; fileEncoding = 4; lastKnownFileType = sourcecode.c.h; name = AppController.h; path = ios/AppController.h; sourceTree = SOURCE_ROOT; };
		503AE0FB17EB989F00D1A890 /* AppController.mm */ = {isa = PBXFileReference; fileEncoding = 4; lastKnownFileType = sourcecode.cpp.objcpp; name = AppController.mm; path = ios/AppController.mm; sourceTree = SOURCE_ROOT; };
		503AE0FC17EB989F00D1A890 /* main.m */ = {isa = PBXFileReference; fileEncoding = 4; lastKnownFileType = sourcecode.c.objc; name = main.m; path = ios/main.m; sourceTree = SOURCE_ROOT; };
		503AE0FD17EB989F00D1A890 /* Prefix.pch */ = {isa = PBXFileReference; fileEncoding = 4; lastKnownFileType = sourcecode.c.h; name = Prefix.pch; path = ios/Prefix.pch; sourceTree = SOURCE_ROOT; };
		503AE0FE17EB989F00D1A890 /* RootViewController.h */ = {isa = PBXFileReference; fileEncoding = 4; lastKnownFileType = sourcecode.c.h; name = RootViewController.h; path = ios/RootViewController.h; sourceTree = SOURCE_ROOT; };
		503AE0FF17EB989F00D1A890 /* RootViewController.mm */ = {isa = PBXFileReference; fileEncoding = 4; lastKnownFileType = sourcecode.cpp.objcpp; name = RootViewController.mm; path = ios/RootViewController.mm; sourceTree = SOURCE_ROOT; };
		503AE10317EB98FF00D1A890 /* main.cpp */ = {isa = PBXFileReference; fileEncoding = 4; lastKnownFileType = sourcecode.cpp.cpp; name = main.cpp; path = mac/main.cpp; sourceTree = "<group>"; };
		503AE10417EB98FF00D1A890 /* Prefix.pch */ = {isa = PBXFileReference; fileEncoding = 4; lastKnownFileType = sourcecode.c.h; name = Prefix.pch; path = mac/Prefix.pch; sourceTree = "<group>"; };
		503AE11A17EB9C5A00D1A890 /* IOKit.framework */ = {isa = PBXFileReference; lastKnownFileType = wrapper.framework; name = IOKit.framework; path = System/Library/Frameworks/IOKit.framework; sourceTree = SDKROOT; };
		5087E76F17EB910900C73F5D /* FlameDragonX-desktop.app */ = {isa = PBXFileReference; explicitFileType = wrapper.application; includeInIndex = 0; path = "FlameDragonX-desktop.app"; sourceTree = BUILT_PRODUCTS_DIR; };
		5087E77217EB970100C73F5D /* Default-568h@2x.png */ = {isa = PBXFileReference; lastKnownFileType = image.png; path = "Default-568h@2x.png"; sourceTree = "<group>"; };
		5087E77317EB970100C73F5D /* Default.png */ = {isa = PBXFileReference; lastKnownFileType = image.png; path = Default.png; sourceTree = "<group>"; };
		5087E77417EB970100C73F5D /* Default@2x.png */ = {isa = PBXFileReference; lastKnownFileType = image.png; path = "Default@2x.png"; sourceTree = "<group>"; };
		5087E77517EB970100C73F5D /* Icon-114.png */ = {isa = PBXFileReference; lastKnownFileType = image.png; path = "Icon-114.png"; sourceTree = "<group>"; };
		5087E77617EB970100C73F5D /* Icon-120.png */ = {isa = PBXFileReference; lastKnownFileType = image.png; path = "Icon-120.png"; sourceTree = "<group>"; };
		5087E77717EB970100C73F5D /* Icon-144.png */ = {isa = PBXFileReference; lastKnownFileType = image.png; path = "Icon-144.png"; sourceTree = "<group>"; };
		5087E77817EB970100C73F5D /* Icon-152.png */ = {isa = PBXFileReference; lastKnownFileType = image.png; path = "Icon-152.png"; sourceTree = "<group>"; };
		5087E77917EB970100C73F5D /* Icon-57.png */ = {isa = PBXFileReference; lastKnownFileType = image.png; path = "Icon-57.png"; sourceTree = "<group>"; };
		5087E77A17EB970100C73F5D /* Icon-72.png */ = {isa = PBXFileReference; lastKnownFileType = image.png; path = "Icon-72.png"; sourceTree = "<group>"; };
		5087E77B17EB970100C73F5D /* Icon-76.png */ = {isa = PBXFileReference; lastKnownFileType = image.png; path = "Icon-76.png"; sourceTree = "<group>"; };
		5087E77C17EB970100C73F5D /* Info.plist */ = {isa = PBXFileReference; fileEncoding = 4; lastKnownFileType = text.plist.xml; path = Info.plist; sourceTree = "<group>"; };
		5087E78817EB974C00C73F5D /* AppKit.framework */ = {isa = PBXFileReference; lastKnownFileType = wrapper.framework; name = AppKit.framework; path = System/Library/Frameworks/AppKit.framework; sourceTree = SDKROOT; };
		5087E78A17EB975400C73F5D /* OpenGL.framework */ = {isa = PBXFileReference; lastKnownFileType = wrapper.framework; name = OpenGL.framework; path = System/Library/Frameworks/OpenGL.framework; sourceTree = SDKROOT; };
		50EF629217ECD46A001EB2F8 /* Icon-40.png */ = {isa = PBXFileReference; lastKnownFileType = image.png; path = "Icon-40.png"; sourceTree = "<group>"; };
		50EF629317ECD46A001EB2F8 /* Icon-58.png */ = {isa = PBXFileReference; lastKnownFileType = image.png; path = "Icon-58.png"; sourceTree = "<group>"; };
		50EF629417ECD46A001EB2F8 /* Icon-80.png */ = {isa = PBXFileReference; lastKnownFileType = image.png; path = "Icon-80.png"; sourceTree = "<group>"; };
		50EF629517ECD46A001EB2F8 /* Icon-100.png */ = {isa = PBXFileReference; lastKnownFileType = image.png; path = "Icon-100.png"; sourceTree = "<group>"; };
		50EF62A017ECD613001EB2F8 /* Icon-29.png */ = {isa = PBXFileReference; lastKnownFileType = image.png; path = "Icon-29.png"; sourceTree = "<group>"; };
		50EF62A117ECD613001EB2F8 /* Icon-50.png */ = {isa = PBXFileReference; lastKnownFileType = image.png; path = "Icon-50.png"; sourceTree = "<group>"; };
		521A8E6219F0C34300D177D7 /* Default-667h@2x.png */ = {isa = PBXFileReference; lastKnownFileType = image.png; path = "Default-667h@2x.png"; sourceTree = "<group>"; };
		521A8E6319F0C34300D177D7 /* Default-736h@3x.png */ = {isa = PBXFileReference; lastKnownFileType = image.png; path = "Default-736h@3x.png"; sourceTree = "<group>"; };
		521A8EA819F11F5000D177D7 /* fonts */ = {isa = PBXFileReference; lastKnownFileType = folder; path = fonts; sourceTree = "<group>"; };
		8262943D1AAF051F00CB7CF7 /* Security.framework */ = {isa = PBXFileReference; lastKnownFileType = wrapper.framework; name = Security.framework; path = System/Library/Frameworks/Security.framework; sourceTree = SDKROOT; };
		BF1C47EA1293683800B63C5D /* QuartzCore.framework */ = {isa = PBXFileReference; lastKnownFileType = wrapper.framework; name = QuartzCore.framework; path = System/Library/Frameworks/QuartzCore.framework; sourceTree = SDKROOT; };
		D44C620B132DFF330009C878 /* OpenAL.framework */ = {isa = PBXFileReference; lastKnownFileType = wrapper.framework; name = OpenAL.framework; path = System/Library/Frameworks/OpenAL.framework; sourceTree = SDKROOT; };
		D44C620D132DFF430009C878 /* AVFoundation.framework */ = {isa = PBXFileReference; lastKnownFileType = wrapper.framework; name = AVFoundation.framework; path = System/Library/Frameworks/AVFoundation.framework; sourceTree = SDKROOT; };
		D44C620F132DFF4E0009C878 /* AudioToolbox.framework */ = {isa = PBXFileReference; lastKnownFileType = wrapper.framework; name = AudioToolbox.framework; path = System/Library/Frameworks/AudioToolbox.framework; sourceTree = SDKROOT; };
/* End PBXFileReference section */

/* Begin PBXFrameworksBuildPhase section */
		1D60588F0D05DD3D006BFB54 /* Frameworks */ = {
			isa = PBXFrameworksBuildPhase;
			buildActionMask = 2147483647;
			files = (
				3C1883611D6BAC130059056E /* CoreMotion.framework in Frameworks */,
				3C1883581D6BA5840059056E /* OpenGLES.framework in Frameworks */,
				3C1883521D6BA4F60059056E /* UIKit.framework in Frameworks */,
				3C18835F1D6BABA10059056E /* libz.1.2.5.dylib in Frameworks */,
				3C1883501D6BA4EC0059056E /* libiconv.2.tbd in Frameworks */,
				294D0D641D0D56D500F7F5D4 /* CoreText.framework in Frameworks */,
				1AC6FB30180E99EB004C840B /* libcocos2d iOS.a in Frameworks */,
				1D60589F0D05DD5A006BFB54 /* Foundation.framework in Frameworks */,
				288765A50DF7441C002DB57D /* CoreGraphics.framework in Frameworks */,
				BF1C47F01293687400B63C5D /* QuartzCore.framework in Frameworks */,
				D44C620C132DFF330009C878 /* OpenAL.framework in Frameworks */,
				D44C620E132DFF430009C878 /* AVFoundation.framework in Frameworks */,
				D44C6210132DFF4E0009C878 /* AudioToolbox.framework in Frameworks */,
			);
			runOnlyForDeploymentPostprocessing = 0;
		};
		5087E75C17EB910900C73F5D /* Frameworks */ = {
			isa = PBXFrameworksBuildPhase;
			buildActionMask = 2147483647;
			files = (
				1AC6FB21180E996B004C840B /* libcocos2d Mac.a in Frameworks */,
				8262943E1AAF051F00CB7CF7 /* Security.framework in Frameworks */,
				503AE11B17EB9C5A00D1A890 /* IOKit.framework in Frameworks */,
				5087E78B17EB975400C73F5D /* OpenGL.framework in Frameworks */,
				5087E78917EB974C00C73F5D /* AppKit.framework in Frameworks */,
				5087E76317EB910900C73F5D /* Foundation.framework in Frameworks */,
				5087E76817EB910900C73F5D /* QuartzCore.framework in Frameworks */,
				5087E76917EB910900C73F5D /* OpenAL.framework in Frameworks */,
				5087E76A17EB910900C73F5D /* AVFoundation.framework in Frameworks */,
				5087E76B17EB910900C73F5D /* AudioToolbox.framework in Frameworks */,
			);
			runOnlyForDeploymentPostprocessing = 0;
		};
/* End PBXFrameworksBuildPhase section */

/* Begin PBXGroup section */
		080E96DDFE201D6D7F000001 /* ios */ = {
			isa = PBXGroup;
			children = (
				5087E77117EB970100C73F5D /* Icons */,
				503AE0FA17EB989F00D1A890 /* AppController.h */,
				503AE0FB17EB989F00D1A890 /* AppController.mm */,
				503AE0FC17EB989F00D1A890 /* main.m */,
				503AE0FD17EB989F00D1A890 /* Prefix.pch */,
				503AE0FE17EB989F00D1A890 /* RootViewController.h */,
				503AE0FF17EB989F00D1A890 /* RootViewController.mm */,
			);
			name = ios;
			path = Classes;
			sourceTree = "<group>";
		};
		19C28FACFE9D520D11CA2CBB /* Products */ = {
			isa = PBXGroup;
			children = (
				1D6058910D05DD3D006BFB54 /* FlameDragonX-mobile.app */,
				5087E76F17EB910900C73F5D /* FlameDragonX-desktop.app */,
			);
			name = Products;
			sourceTree = "<group>";
		};
		1AC6FAE6180E9839004C840B /* Products */ = {
			isa = PBXGroup;
			children = (
				1AC6FAF9180E9839004C840B /* libcocos2d Mac.a */,
				1AC6FB07180E9839004C840B /* libcocos2d iOS.a */,
				3C1883451D6B9FB00059056E /* libcocos2d tvOS.a */,
			);
			name = Products;
			sourceTree = "<group>";
		};
		29B97314FDCFA39411CA2CEA /* CustomTemplate */ = {
			isa = PBXGroup;
			children = (
				46880B8319C43A87006E1F66 /* Classes */,
				46880B7519C43A67006E1F66 /* Resources */,
				1AC6FAE5180E9839004C840B /* cocos2d_libs.xcodeproj */,
				29B97323FDCFA39411CA2CEA /* Frameworks */,
				080E96DDFE201D6D7F000001 /* ios */,
				503AE10617EB990700D1A890 /* mac */,
				19C28FACFE9D520D11CA2CBB /* Products */,
			);
			name = CustomTemplate;
			sourceTree = "<group>";
		};
		29B97323FDCFA39411CA2CEA /* Frameworks */ = {
			isa = PBXGroup;
			children = (
				3C1883601D6BAC130059056E /* CoreMotion.framework */,
				3C1883571D6BA5840059056E /* OpenGLES.framework */,
				3C18835E1D6BABA10059056E /* libz.1.2.5.dylib */,
				3C1883511D6BA4F60059056E /* UIKit.framework */,
				3C18834F1D6BA4EC0059056E /* libiconv.2.tbd */,
				294D0D631D0D56D500F7F5D4 /* CoreText.framework */,
				8262943D1AAF051F00CB7CF7 /* Security.framework */,
				503AE11A17EB9C5A00D1A890 /* IOKit.framework */,
				5087E78A17EB975400C73F5D /* OpenGL.framework */,
				5087E78817EB974C00C73F5D /* AppKit.framework */,
				D44C620F132DFF4E0009C878 /* AudioToolbox.framework */,
				D44C620D132DFF430009C878 /* AVFoundation.framework */,
				288765A40DF7441C002DB57D /* CoreGraphics.framework */,
				1D30AB110D05D00D00671497 /* Foundation.framework */,
				D44C620B132DFF330009C878 /* OpenAL.framework */,
				BF1C47EA1293683800B63C5D /* QuartzCore.framework */,
			);
			name = Frameworks;
			sourceTree = "<group>";
		};
		3C1883421D6B9FB00059056E /* Scenes */ = {
			isa = PBXGroup;
			children = (
				3C18834A1D6BA0970059056E /* SceneCreator.cpp */,
				3C1883491D6BA0810059056E /* SceneCreator.h */,
				3C18834C1D6BA1490059056E /* TitleLayer.cpp */,
				3C18834D1D6BA1490059056E /* TitleLayer.hpp */,
				3CD12F051D6BC86B00CDF793 /* FDScreen.cpp */,
				3CD12F061D6BC86B00CDF793 /* FDScreen.hpp */,
			);
			name = Scenes;
			sourceTree = "<group>";
		};
		3C1883621D6BB0C10059056E /* Title */ = {
			isa = PBXGroup;
			children = (
				3CD12EF01D6BB11600CDF793 /* Title_Continue_0.png */,
				3CD12EF11D6BB11600CDF793 /* Title_Continue_1.png */,
				3CD12EF21D6BB11600CDF793 /* Title_Load_0.png */,
				3CD12EF31D6BB11600CDF793 /* Title_Load_1.png */,
				3CD12EF41D6BB11600CDF793 /* Title_Start_0.png */,
				3CD12EF51D6BB11600CDF793 /* Title_Start_1.png */,
				3CD12EF61D6BB11600CDF793 /* Title.png */,
			);
			name = Title;
			sourceTree = "<group>";
		};
		3C8D682A1D79F46200CC3616 /* Events */ = {
			isa = PBXGroup;
			children = (
				3C8D682C1D79F49400CC3616 /* Chapter */,
				3C8D682B1D79F48D00CC3616 /* Condition */,
				3C8D682D1D79F4A900CC3616 /* FDEvent.cpp */,
				3C8D682E1D79F4A900CC3616 /* FDEvent.hpp */,
				3C8D68331D79F52500CC3616 /* EventHandler.cpp */,
				3C8D68341D79F52500CC3616 /* EventHandler.hpp */,
				3C8D68361D79F54900CC3616 /* EventLoader.cpp */,
				3C8D68371D79F54900CC3616 /* EventLoader.hpp */,
				3C8D68391D79F56E00CC3616 /* EventLoaderFactory.cpp */,
				3C8D683A1D79F56E00CC3616 /* EventLoaderFactory.hpp */,
				3C8D68421D7A09C200CC3616 /* EventMethod.cpp */,
				3C8D68431D7A09C200CC3616 /* EventMethod.hpp */,
			);
			name = Events;
			sourceTree = "<group>";
		};
		3C8D682B1D79F48D00CC3616 /* Condition */ = {
			isa = PBXGroup;
			children = (
				3C8D68301D79F4E600CC3616 /* EventCondition.cpp */,
				3C8D68311D79F4E600CC3616 /* EventCondition.hpp */,
			);
			name = Condition;
			sourceTree = "<group>";
		};
		3C8D682C1D79F49400CC3616 /* Chapter */ = {
			isa = PBXGroup;
			children = (
				3C8D683C1D79F5BB00CC3616 /* EventChapter1.cpp */,
				3C8D683D1D79F5BB00CC3616 /* EventChapter1.hpp */,
				3C8D683F1D7A095E00CC3616 /* EventChapterCommon.cpp */,
				3C8D68401D7A095E00CC3616 /* EventChapterCommon.hpp */,
			);
			name = Chapter;
			sourceTree = "<group>";
		};
		3CB1096C1D6E6B68002C4121 /* Objects */ = {
			isa = PBXGroup;
			children = (
				3CB1096D1D6E6B8F002C4121 /* BattleObject.cpp */,
				3CB1096E1D6E6B8F002C4121 /* BattleObject.hpp */,
				3CB109701D6E6BC3002C4121 /* Creature.cpp */,
				3CB109711D6E6BC3002C4121 /* Creature.hpp */,
				3CB109731D6E6FD6002C4121 /* Friend.cpp */,
				3CB109741D6E6FD6002C4121 /* Friend.hpp */,
				3CA318241D760AD00042B56A /* CreatureData.cpp */,
				3CA318251D760AD00042B56A /* CreatureData.hpp */,
				3CA318271D760C6D0042B56A /* AICreature.cpp */,
				3CA318281D760C6D0042B56A /* AICreature.hpp */,
				3C8D68251D78F92300CC3616 /* ScopeIndicator.cpp */,
				3C8D68261D78F92300CC3616 /* ScopeIndicator.hpp */,
			);
			name = Objects;
			sourceTree = "<group>";
		};
		3CB109761D6F6470002C4121 /* Animation */ = {
			isa = PBXGroup;
			children = (
				3CB109771D6F6489002C4121 /* FDFrame.cpp */,
				3CB109781D6F6489002C4121 /* FDFrame.hpp */,
				3CB1097A1D6F6635002C4121 /* SlideAnimation.cpp */,
				3CB1097B1D6F6635002C4121 /* SlideAnimation.hpp */,
				3CB1097D1D6F69AC002C4121 /* FDAnimate.cpp */,
				3CB1097E1D6F69AC002C4121 /* FDAnimate.hpp */,
				3CB109831D6F7626002C4121 /* AnimationLibrary.cpp */,
				3CB109841D6F7626002C4121 /* AnimationLibrary.hpp */,
			);
			name = Animation;
			sourceTree = "<group>";
		};
		3CB109861D74CC93002C4121 /* Activities */ = {
			isa = PBXGroup;
			children = (
				3CB109871D74CCAB002C4121 /* FDActivity.cpp */,
				3CB109881D74CCAB002C4121 /* FDActivity.hpp */,
				3CB1098A1D74CE92002C4121 /* SimpleMoveActivity.cpp */,
				3CB1098B1D74CE92002C4121 /* SimpleMoveActivity.hpp */,
				3CB1098D1D74D0CE002C4121 /* ActivityQueue.cpp */,
				3CB1098E1D74D0CE002C4121 /* ActivityQueue.hpp */,
				3C8D68161D78EA2F00CC3616 /* CombinedActivity.cpp */,
				3C8D68171D78EA2F00CC3616 /* CombinedActivity.hpp */,
				3C8D681F1D78EEC900CC3616 /* BatchActivity.cpp */,
				3C8D68201D78EEC900CC3616 /* BatchActivity.hpp */,
				3C8D68191D78EAAE00CC3616 /* FieldActivity.cpp */,
				3C8D681A1D78EAAE00CC3616 /* FieldActivity.hpp */,
				3C8D681C1D78EB3B00CC3616 /* GlobalActivity.cpp */,
				3C8D681D1D78EB3B00CC3616 /* GlobalActivity.hpp */,
				3C8D68221D78F24300CC3616 /* CreatureMoveActivity.cpp */,
				3C8D68231D78F24300CC3616 /* CreatureMoveActivity.hpp */,
			);
			name = Activities;
			sourceTree = "<group>";
		};
		3CB109981D74F3BE002C4121 /* Item */ = {
			isa = PBXGroup;
			children = (
				3CB109991D74F3E2002C4121 /* ItemDefinition.cpp */,
				3CB1099A1D74F3E2002C4121 /* ItemDefinition.hpp */,
				3CB1099C1D74F3FE002C4121 /* UsableItemDefinition.cpp */,
				3CB1099D1D74F3FE002C4121 /* UsableItemDefinition.hpp */,
				3CB1099F1D74F41E002C4121 /* AttackItemDefinition.cpp */,
				3CB109A01D74F41E002C4121 /* AttackItemDefinition.hpp */,
				3CA3182A1D760E260042B56A /* DefendItemDefinition.cpp */,
				3CA3182B1D760E260042B56A /* DefendItemDefinition.hpp */,
				3CB109A21D74F440002C4121 /* SpecialItemDefinition.cpp */,
				3CB109A31D74F440002C4121 /* SpecialItemDefinition.hpp */,
				3CB109A51D74F46C002C4121 /* MoneyItemDefinition.cpp */,
				3CB109A61D74F46C002C4121 /* MoneyItemDefinition.hpp */,
			);
			name = Item;
			sourceTree = "<group>";
		};
		3CD12EFF1D6BB24200CDF793 /* Common */ = {
			isa = PBXGroup;
			children = (
				3CD12F001D6BB26500CDF793 /* ResourceManager.cpp */,
				3CD12F011D6BB26500CDF793 /* ResourceManager.hpp */,
				3CD12F1E1D6D051200CDF793 /* StringUtil.cpp */,
				3CD12F1F1D6D051200CDF793 /* StringUtil.hpp */,
				3CD12F211D6D058000CDF793 /* TextFileReader.cpp */,
				3CD12F221D6D058000CDF793 /* TextFileReader.hpp */,
				3CB109911D74ECB1002C4121 /* Constants.cpp */,
				3CB109921D74ECB1002C4121 /* Constants.hpp */,
				3CB109AE1D74FF92002C4121 /* FDNumber.cpp */,
				3CB109AF1D74FF92002C4121 /* FDNumber.hpp */,
				3CA3182D1D7613630042B56A /* FDRange.cpp */,
				3CA3182E1D7613630042B56A /* FDRange.hpp */,
			);
			name = Common;
			sourceTree = "<group>";
		};
		3CD12F081D6CD87800CDF793 /* Controls */ = {
			isa = PBXGroup;
			children = (
			);
			name = Controls;
			sourceTree = "<group>";
		};
		3CD12F121D6CE73A00CDF793 /* Records */ = {
			isa = PBXGroup;
			children = (
				3CD12F141D6CE77800CDF793 /* ChapterRecord.cpp */,
				3CD12F151D6CE77800CDF793 /* ChapterRecord.hpp */,
				3CD12F171D6CE7F200CDF793 /* CreatureRecord.cpp */,
				3CD12F181D6CE7F200CDF793 /* CreatureRecord.hpp */,
				3CD12F1A1D6D033800CDF793 /* BattleRecord.cpp */,
				3CD12F1B1D6D033800CDF793 /* BattleRecord.hpp */,
				3CB109A81D74F816002C4121 /* CreatureChapterRecord.cpp */,
				3CB109A91D74F816002C4121 /* CreatureChapterRecord.hpp */,
			);
			name = Records;
			sourceTree = "<group>";
		};
		3CD12F131D6CE74100CDF793 /* Data */ = {
			isa = PBXGroup;
			children = (
				3CB109981D74F3BE002C4121 /* Item */,
				3CB109801D6F74BC002C4121 /* CreatureDefinition.cpp */,
				3CB109811D6F74BC002C4121 /* CreatureDefinition.hpp */,
				3CB109951D74F33C002C4121 /* MagicDefinition.cpp */,
				3CB109961D74F33C002C4121 /* MagicDefinition.hpp */,
				3CB109AB1D74FC5E002C4121 /* DataStore.cpp */,
				3CB109AC1D74FC5E002C4121 /* DataStore.hpp */,
			);
			name = Data;
			sourceTree = "<group>";
		};
		3CD12F241D6D060300CDF793 /* Battle */ = {
			isa = PBXGroup;
			children = (
				3C8D682A1D79F46200CC3616 /* Events */,
				3CD12F261D6D065800CDF793 /* BattleField.cpp */,
				3CD12F271D6D065800CDF793 /* BattleField.hpp */,
				3CD12F281D6D065800CDF793 /* BattleScene.cpp */,
				3CD12F251D6D064E00CDF793 /* BattleScene.hpp */,
				3CB109631D6D0D06002C4121 /* TouchHandler.cpp */,
				3CB109641D6D0D06002C4121 /* TouchHandler.hpp */,
				3CB109671D6E0BD1002C4121 /* Ground.cpp */,
				3CB109681D6E0BD1002C4121 /* Ground.hpp */,
			);
			name = Battle;
			sourceTree = "<group>";
		};
		46880B7519C43A67006E1F66 /* Resources */ = {
			isa = PBXGroup;
			children = (
				3C8D68281D78FB8000CC3616 /* Others */,
				3CB1096A1D6E5E66002C4121 /* Icons */,
				3CD12F2D1D6D074800CDF793 /* Data */,
				3CD12F2B1D6D073F00CDF793 /* Maps */,
				3C1883621D6BB0C10059056E /* Title */,
				521A8EA819F11F5000D177D7 /* fonts */,
				3EACC98E19EE6D4300EB3C5E /* res */,
				46880B7619C43A67006E1F66 /* CloseNormal.png */,
				46880B7719C43A67006E1F66 /* CloseSelected.png */,
				46880B7A19C43A67006E1F66 /* HelloWorld.png */,
			);
			name = Resources;
			path = ../Resources;
			sourceTree = "<group>";
		};
		46880B8319C43A87006E1F66 /* Classes */ = {
			isa = PBXGroup;
			children = (
				3CB109861D74CC93002C4121 /* Activities */,
				3CB109761D6F6470002C4121 /* Animation */,
				3CB1096C1D6E6B68002C4121 /* Objects */,
				3CD12EFF1D6BB24200CDF793 /* Common */,
				3CD12F131D6CE74100CDF793 /* Data */,
				3CD12F121D6CE73A00CDF793 /* Records */,
				3CD12F241D6D060300CDF793 /* Battle */,
				3CD12F081D6CD87800CDF793 /* Controls */,
				3C1883421D6B9FB00059056E /* Scenes */,
				46880B8419C43A87006E1F66 /* AppDelegate.cpp */,
				46880B8519C43A87006E1F66 /* AppDelegate.h */,
				46880B8619C43A87006E1F66 /* HelloWorldScene.cpp */,
				46880B8719C43A87006E1F66 /* HelloWorldScene.h */,
			);
			name = Classes;
			path = ../Classes;
			sourceTree = "<group>";
		};
		503AE0F517EB97AB00D1A890 /* Icons */ = {
			isa = PBXGroup;
			children = (
				503AE0F617EB97AB00D1A890 /* Icon.icns */,
				503AE0F717EB97AB00D1A890 /* Info.plist */,
			);
			name = Icons;
			path = mac;
			sourceTree = SOURCE_ROOT;
		};
		503AE10617EB990700D1A890 /* mac */ = {
			isa = PBXGroup;
			children = (
				503AE0F517EB97AB00D1A890 /* Icons */,
				503AE10317EB98FF00D1A890 /* main.cpp */,
				503AE10417EB98FF00D1A890 /* Prefix.pch */,
			);
			name = mac;
			sourceTree = "<group>";
		};
		5087E77117EB970100C73F5D /* Icons */ = {
			isa = PBXGroup;
			children = (
				521A8E6219F0C34300D177D7 /* Default-667h@2x.png */,
				521A8E6319F0C34300D177D7 /* Default-736h@3x.png */,
				5087E77217EB970100C73F5D /* Default-568h@2x.png */,
				5087E77317EB970100C73F5D /* Default.png */,
				5087E77417EB970100C73F5D /* Default@2x.png */,
				50EF62A017ECD613001EB2F8 /* Icon-29.png */,
				50EF62A117ECD613001EB2F8 /* Icon-50.png */,
				50EF629217ECD46A001EB2F8 /* Icon-40.png */,
				50EF629317ECD46A001EB2F8 /* Icon-58.png */,
				50EF629417ECD46A001EB2F8 /* Icon-80.png */,
				50EF629517ECD46A001EB2F8 /* Icon-100.png */,
				5087E77517EB970100C73F5D /* Icon-114.png */,
				5087E77617EB970100C73F5D /* Icon-120.png */,
				5087E77717EB970100C73F5D /* Icon-144.png */,
				5087E77817EB970100C73F5D /* Icon-152.png */,
				5087E77917EB970100C73F5D /* Icon-57.png */,
				5087E77A17EB970100C73F5D /* Icon-72.png */,
				5087E77B17EB970100C73F5D /* Icon-76.png */,
				5087E77C17EB970100C73F5D /* Info.plist */,
			);
			name = Icons;
			path = ios;
			sourceTree = SOURCE_ROOT;
		};
/* End PBXGroup section */

/* Begin PBXNativeTarget section */
		1D6058900D05DD3D006BFB54 /* FlameDragonX-mobile */ = {
			isa = PBXNativeTarget;
			buildConfigurationList = 1D6058960D05DD3E006BFB54 /* Build configuration list for PBXNativeTarget "FlameDragonX-mobile" */;
			buildPhases = (
				1D60588D0D05DD3D006BFB54 /* Resources */,
				1D60588E0D05DD3D006BFB54 /* Sources */,
				1D60588F0D05DD3D006BFB54 /* Frameworks */,
			);
			buildRules = (
			);
			dependencies = (
				1AC6FB25180E99E1004C840B /* PBXTargetDependency */,
			);
			name = "FlameDragonX-mobile";
			productName = iphone;
			productReference = 1D6058910D05DD3D006BFB54 /* FlameDragonX-mobile.app */;
			productType = "com.apple.product-type.application";
		};
		5087E73D17EB910900C73F5D /* FlameDragonX-desktop */ = {
			isa = PBXNativeTarget;
			buildConfigurationList = 5087E76C17EB910900C73F5D /* Build configuration list for PBXNativeTarget "FlameDragonX-desktop" */;
			buildPhases = (
				5087E74817EB910900C73F5D /* Resources */,
				5087E75617EB910900C73F5D /* Sources */,
				5087E75C17EB910900C73F5D /* Frameworks */,
			);
			buildRules = (
			);
			dependencies = (
				1AC6FB16180E9959004C840B /* PBXTargetDependency */,
			);
			name = "FlameDragonX-desktop";
			productName = iphone;
			productReference = 5087E76F17EB910900C73F5D /* FlameDragonX-desktop.app */;
			productType = "com.apple.product-type.application";
		};
/* End PBXNativeTarget section */

/* Begin PBXProject section */
		29B97313FDCFA39411CA2CEA /* Project object */ = {
			isa = PBXProject;
			attributes = {
				LastUpgradeCheck = 0500;
			};
			buildConfigurationList = C01FCF4E08A954540054247B /* Build configuration list for PBXProject "FlameDragonX" */;
			compatibilityVersion = "Xcode 3.2";
			developmentRegion = English;
			hasScannedForEncodings = 1;
			knownRegions = (
				English,
				Japanese,
				French,
				German,
			);
			mainGroup = 29B97314FDCFA39411CA2CEA /* CustomTemplate */;
			projectDirPath = "";
			projectReferences = (
				{
					ProductGroup = 1AC6FAE6180E9839004C840B /* Products */;
					ProjectRef = 1AC6FAE5180E9839004C840B /* cocos2d_libs.xcodeproj */;
				},
			);
			projectRoot = "";
			targets = (
				1D6058900D05DD3D006BFB54 /* FlameDragonX-mobile */,
				5087E73D17EB910900C73F5D /* FlameDragonX-desktop */,
			);
		};
/* End PBXProject section */

/* Begin PBXReferenceProxy section */
		1AC6FAF9180E9839004C840B /* libcocos2d Mac.a */ = {
			isa = PBXReferenceProxy;
			fileType = archive.ar;
			path = "libcocos2d Mac.a";
			remoteRef = 1AC6FAF8180E9839004C840B /* PBXContainerItemProxy */;
			sourceTree = BUILT_PRODUCTS_DIR;
		};
		1AC6FB07180E9839004C840B /* libcocos2d iOS.a */ = {
			isa = PBXReferenceProxy;
			fileType = archive.ar;
			path = "libcocos2d iOS.a";
			remoteRef = 1AC6FB06180E9839004C840B /* PBXContainerItemProxy */;
			sourceTree = BUILT_PRODUCTS_DIR;
		};
		3C1883451D6B9FB00059056E /* libcocos2d tvOS.a */ = {
			isa = PBXReferenceProxy;
			fileType = archive.ar;
			path = "libcocos2d tvOS.a";
			remoteRef = 3C1883441D6B9FB00059056E /* PBXContainerItemProxy */;
			sourceTree = BUILT_PRODUCTS_DIR;
		};
/* End PBXReferenceProxy section */

/* Begin PBXResourcesBuildPhase section */
		1D60588D0D05DD3D006BFB54 /* Resources */ = {
			isa = PBXResourcesBuildPhase;
			buildActionMask = 2147483647;
			files = (
				3CB1096B1D6E5E66002C4121 /* Icons in Resources */,
				5087E78117EB970100C73F5D /* Icon-120.png in Resources */,
				5087E78617EB970100C73F5D /* Icon-76.png in Resources */,
				3C8D68291D78FB8000CC3616 /* Others in Resources */,
				5087E77F17EB970100C73F5D /* Default@2x.png in Resources */,
				50EF629917ECD46A001EB2F8 /* Icon-100.png in Resources */,
				3CD12EF71D6BB11600CDF793 /* Title_Continue_0.png in Resources */,
				5087E78317EB970100C73F5D /* Icon-152.png in Resources */,
				3CD12EFD1D6BB11600CDF793 /* Title.png in Resources */,
				3CD12F2C1D6D073F00CDF793 /* Maps in Resources */,
				46880B8119C43A67006E1F66 /* HelloWorld.png in Resources */,
				46880B7D19C43A67006E1F66 /* CloseSelected.png in Resources */,
				5087E77D17EB970100C73F5D /* Default-568h@2x.png in Resources */,
				5087E78517EB970100C73F5D /* Icon-72.png in Resources */,
				521A8E6519F0C34300D177D7 /* Default-736h@3x.png in Resources */,
				521A8EA919F11F5000D177D7 /* fonts in Resources */,
				3CD12EFA1D6BB11600CDF793 /* Title_Load_1.png in Resources */,
				50EF62A317ECD613001EB2F8 /* Icon-50.png in Resources */,
				5087E78017EB970100C73F5D /* Icon-114.png in Resources */,
				50EF62A217ECD613001EB2F8 /* Icon-29.png in Resources */,
				50EF629617ECD46A001EB2F8 /* Icon-40.png in Resources */,
				5087E78217EB970100C73F5D /* Icon-144.png in Resources */,
				3CD12EFB1D6BB11600CDF793 /* Title_Start_0.png in Resources */,
				3EACC98F19EE6D4300EB3C5E /* res in Resources */,
				50EF629817ECD46A001EB2F8 /* Icon-80.png in Resources */,
				5087E78417EB970100C73F5D /* Icon-57.png in Resources */,
				3CD12EFC1D6BB11600CDF793 /* Title_Start_1.png in Resources */,
				5087E77E17EB970100C73F5D /* Default.png in Resources */,
				521A8E6419F0C34300D177D7 /* Default-667h@2x.png in Resources */,
				46880B7B19C43A67006E1F66 /* CloseNormal.png in Resources */,
				3CD12EF91D6BB11600CDF793 /* Title_Load_0.png in Resources */,
				3CD12EF81D6BB11600CDF793 /* Title_Continue_1.png in Resources */,
				3CD12F2E1D6D074800CDF793 /* Data in Resources */,
				50EF629717ECD46A001EB2F8 /* Icon-58.png in Resources */,
			);
			runOnlyForDeploymentPostprocessing = 0;
		};
		5087E74817EB910900C73F5D /* Resources */ = {
			isa = PBXResourcesBuildPhase;
			buildActionMask = 2147483647;
			files = (
				46880B8219C43A67006E1F66 /* HelloWorld.png in Resources */,
				503AE0F817EB97AB00D1A890 /* Icon.icns in Resources */,
				3EACC99019EE6D4300EB3C5E /* res in Resources */,
				521A8EAA19F11F5000D177D7 /* fonts in Resources */,
				46880B7C19C43A67006E1F66 /* CloseNormal.png in Resources */,
				46880B7E19C43A67006E1F66 /* CloseSelected.png in Resources */,
			);
			runOnlyForDeploymentPostprocessing = 0;
		};
/* End PBXResourcesBuildPhase section */

/* Begin PBXSourcesBuildPhase section */
		1D60588E0D05DD3D006BFB54 /* Sources */ = {
			isa = PBXSourcesBuildPhase;
			buildActionMask = 2147483647;
			files = (
				3CB109A71D74F46C002C4121 /* MoneyItemDefinition.cpp in Sources */,
				3C8D68411D7A095E00CC3616 /* EventChapterCommon.cpp in Sources */,
				3C8D683E1D79F5BB00CC3616 /* EventChapter1.cpp in Sources */,
				3C8D68211D78EEC900CC3616 /* BatchActivity.cpp in Sources */,
				3C8D681E1D78EB3B00CC3616 /* GlobalActivity.cpp in Sources */,
				3CB109721D6E6BC3002C4121 /* Creature.cpp in Sources */,
				3CD12F1C1D6D033800CDF793 /* BattleRecord.cpp in Sources */,
				3CD12F191D6CE7F200CDF793 /* CreatureRecord.cpp in Sources */,
				3CB109751D6E6FD6002C4121 /* Friend.cpp in Sources */,
				3CB109651D6D0D06002C4121 /* TouchHandler.cpp in Sources */,
				46880B8819C43A87006E1F66 /* AppDelegate.cpp in Sources */,
				3CA3182F1D7613630042B56A /* FDRange.cpp in Sources */,
				46880B8A19C43A87006E1F66 /* HelloWorldScene.cpp in Sources */,
				3CB109931D74ECB1002C4121 /* Constants.cpp in Sources */,
				3CB109A41D74F440002C4121 /* SpecialItemDefinition.cpp in Sources */,
				3CD12F291D6D065800CDF793 /* BattleField.cpp in Sources */,
				3C8D681B1D78EAAE00CC3616 /* FieldActivity.cpp in Sources */,
				503AE10017EB989F00D1A890 /* AppController.mm in Sources */,
				3C8D68321D79F4E600CC3616 /* EventCondition.cpp in Sources */,
				3CB109821D6F74BC002C4121 /* CreatureDefinition.cpp in Sources */,
				3CB109971D74F33C002C4121 /* MagicDefinition.cpp in Sources */,
				3CB1099E1D74F3FE002C4121 /* UsableItemDefinition.cpp in Sources */,
				3CB109AD1D74FC5E002C4121 /* DataStore.cpp in Sources */,
				503AE10217EB989F00D1A890 /* RootViewController.mm in Sources */,
				3C8D683B1D79F56E00CC3616 /* EventLoaderFactory.cpp in Sources */,
				3CB109891D74CCAB002C4121 /* FDActivity.cpp in Sources */,
				3CB109A11D74F41E002C4121 /* AttackItemDefinition.cpp in Sources */,
				503AE10117EB989F00D1A890 /* main.m in Sources */,
				3CB1097F1D6F69AC002C4121 /* FDAnimate.cpp in Sources */,
				3CD12F071D6BC86B00CDF793 /* FDScreen.cpp in Sources */,
				3C8D68441D7A09C200CC3616 /* EventMethod.cpp in Sources */,
				3CD12F161D6CE77800CDF793 /* ChapterRecord.cpp in Sources */,
				3CA3182C1D760E260042B56A /* DefendItemDefinition.cpp in Sources */,
				3C8D68351D79F52500CC3616 /* EventHandler.cpp in Sources */,
				3C8D682F1D79F4A900CC3616 /* FDEvent.cpp in Sources */,
				3CD12F2A1D6D065800CDF793 /* BattleScene.cpp in Sources */,
				3CB1097C1D6F6635002C4121 /* SlideAnimation.cpp in Sources */,
				3CD12F231D6D058000CDF793 /* TextFileReader.cpp in Sources */,
				3CB1098F1D74D0CE002C4121 /* ActivityQueue.cpp in Sources */,
				3C8D68271D78F92300CC3616 /* ScopeIndicator.cpp in Sources */,
				3CB1096F1D6E6B8F002C4121 /* BattleObject.cpp in Sources */,
				3CB109791D6F6489002C4121 /* FDFrame.cpp in Sources */,
				3C8D68181D78EA2F00CC3616 /* CombinedActivity.cpp in Sources */,
				3C18834E1D6BA1490059056E /* TitleLayer.cpp in Sources */,
				3CD12F201D6D051200CDF793 /* StringUtil.cpp in Sources */,
				3CB109B01D74FF92002C4121 /* FDNumber.cpp in Sources */,
				3CB109851D6F7626002C4121 /* AnimationLibrary.cpp in Sources */,
				3CB109AA1D74F816002C4121 /* CreatureChapterRecord.cpp in Sources */,
				3C8D68241D78F24300CC3616 /* CreatureMoveActivity.cpp in Sources */,
				3C8D68381D79F54900CC3616 /* EventLoader.cpp in Sources */,
				3CA318291D760C6D0042B56A /* AICreature.cpp in Sources */,
				3CB1099B1D74F3E2002C4121 /* ItemDefinition.cpp in Sources */,
				3CB1098C1D74CE92002C4121 /* SimpleMoveActivity.cpp in Sources */,
				3C18834B1D6BA0970059056E /* SceneCreator.cpp in Sources */,
				3CB109691D6E0BD1002C4121 /* Ground.cpp in Sources */,
				3CA318261D760AD00042B56A /* CreatureData.cpp in Sources */,
				3CD12F021D6BB26500CDF793 /* ResourceManager.cpp in Sources */,
			);
			runOnlyForDeploymentPostprocessing = 0;
		};
		5087E75617EB910900C73F5D /* Sources */ = {
			isa = PBXSourcesBuildPhase;
			buildActionMask = 2147483647;
			files = (
				46880B8919C43A87006E1F66 /* AppDelegate.cpp in Sources */,
				503AE10517EB98FF00D1A890 /* main.cpp in Sources */,
				46880B8B19C43A87006E1F66 /* HelloWorldScene.cpp in Sources */,
			);
			runOnlyForDeploymentPostprocessing = 0;
		};
/* End PBXSourcesBuildPhase section */

/* Begin PBXTargetDependency section */
		1AC6FB16180E9959004C840B /* PBXTargetDependency */ = {
			isa = PBXTargetDependency;
			name = "cocos2dx Mac";
			targetProxy = 1AC6FB15180E9959004C840B /* PBXContainerItemProxy */;
		};
		1AC6FB25180E99E1004C840B /* PBXTargetDependency */ = {
			isa = PBXTargetDependency;
			name = "cocos2dx iOS";
			targetProxy = 1AC6FB24180E99E1004C840B /* PBXContainerItemProxy */;
		};
/* End PBXTargetDependency section */

/* Begin XCBuildConfiguration section */
		1D6058940D05DD3E006BFB54 /* Debug */ = {
			isa = XCBuildConfiguration;
			buildSettings = {
				ALWAYS_SEARCH_USER_PATHS = YES;
				CODE_SIGN_IDENTITY = "iPhone Developer";
				COMPRESS_PNG_FILES = NO;
				ENABLE_BITCODE = NO;
				GCC_DYNAMIC_NO_PIC = NO;
				GCC_INLINES_ARE_PRIVATE_EXTERN = NO;
				GCC_PRECOMPILE_PREFIX_HEADER = YES;
				GCC_PREFIX_HEADER = ios/Prefix.pch;
				GCC_PREPROCESSOR_DEFINITIONS = (
					USE_FILE32API,
					"COCOS2D_DEBUG=1",
					"CC_ENABLE_CHIPMUNK_INTEGRATION=1",
				);
				GCC_SYMBOLS_PRIVATE_EXTERN = NO;
				HEADER_SEARCH_PATHS = "$(inherited)";
				INFOPLIST_FILE = ios/Info.plist;
				IPHONEOS_DEPLOYMENT_TARGET = 9.0;
				LIBRARY_SEARCH_PATHS = "";
				OTHER_LDFLAGS = (
					"$(_COCOS_LIB_IOS_BEGIN)",
					"$(_COCOS_LIB_IOS_END)",
				);
				SDKROOT = iphoneos;
				STRIP_PNG_TEXT = NO;
				TARGETED_DEVICE_FAMILY = 1;
				USER_HEADER_SEARCH_PATHS = "$(_COCOS_HEADER_IOS_BEGIN) $(_COCOS_HEADER_IOS_END)";
				VALID_ARCHS = "arm64 armv7";
			};
			name = Debug;
		};
		1D6058950D05DD3E006BFB54 /* Release */ = {
			isa = XCBuildConfiguration;
			buildSettings = {
				ALWAYS_SEARCH_USER_PATHS = YES;
				CODE_SIGN_IDENTITY = "iPhone Developer";
				COMPRESS_PNG_FILES = NO;
				ENABLE_BITCODE = NO;
				GCC_INLINES_ARE_PRIVATE_EXTERN = NO;
				GCC_PRECOMPILE_PREFIX_HEADER = YES;
				GCC_PREFIX_HEADER = ios/Prefix.pch;
				GCC_PREPROCESSOR_DEFINITIONS = (
					USE_FILE32API,
					"CC_ENABLE_CHIPMUNK_INTEGRATION=1",
				);
				GCC_SYMBOLS_PRIVATE_EXTERN = NO;
				HEADER_SEARCH_PATHS = "$(inherited)";
				INFOPLIST_FILE = ios/Info.plist;
				IPHONEOS_DEPLOYMENT_TARGET = 9.0;
				LIBRARY_SEARCH_PATHS = "";
				OTHER_LDFLAGS = (
					"$(_COCOS_LIB_IOS_BEGIN)",
					"$(_COCOS_LIB_IOS_END)",
				);
				SDKROOT = iphoneos;
				STRIP_PNG_TEXT = NO;
				TARGETED_DEVICE_FAMILY = 1;
				USER_HEADER_SEARCH_PATHS = "$(_COCOS_HEADER_IOS_BEGIN) $(_COCOS_HEADER_IOS_END)";
				VALID_ARCHS = "arm64 armv7";
			};
			name = Release;
		};
		5087E76D17EB910900C73F5D /* Debug */ = {
			isa = XCBuildConfiguration;
			buildSettings = {
				ALWAYS_SEARCH_USER_PATHS = YES;
				ARCHS = "$(ARCHS_STANDARD_64_BIT)";
				CLANG_CXX_LANGUAGE_STANDARD = "c++0x";
				CLANG_CXX_LIBRARY = "libc++";
				GCC_DYNAMIC_NO_PIC = NO;
				GCC_INLINES_ARE_PRIVATE_EXTERN = NO;
				GCC_PRECOMPILE_PREFIX_HEADER = YES;
				GCC_PREFIX_HEADER = mac/Prefix.pch;
				GCC_PREPROCESSOR_DEFINITIONS = (
					USE_FILE32API,
					"COCOS2D_DEBUG=1",
					"CC_ENABLE_CHIPMUNK_INTEGRATION=1",
				);
				GCC_SYMBOLS_PRIVATE_EXTERN = NO;
				HEADER_SEARCH_PATHS = (
					"$(inherited)",
					"$(SRCROOT)/../cocos2d/external/glfw3/include/mac",
				);
				INFOPLIST_FILE = mac/Info.plist;
				LIBRARY_SEARCH_PATHS = "";
				OTHER_LDFLAGS = (
					"$(_COCOS_LIB_MAC_BEGIN)",
					"$(_COCOS_LIB_MAC_END)",
				);
				USER_HEADER_SEARCH_PATHS = "$(_COCOS_HEADER_MAC_BEGIN) $(_COCOS_HEADER_MAC_END)";
			};
			name = Debug;
		};
		5087E76E17EB910900C73F5D /* Release */ = {
			isa = XCBuildConfiguration;
			buildSettings = {
				ALWAYS_SEARCH_USER_PATHS = YES;
				ARCHS = "$(ARCHS_STANDARD_64_BIT)";
				CLANG_CXX_LANGUAGE_STANDARD = "c++0x";
				CLANG_CXX_LIBRARY = "libc++";
				GCC_INLINES_ARE_PRIVATE_EXTERN = NO;
				GCC_PRECOMPILE_PREFIX_HEADER = YES;
				GCC_PREFIX_HEADER = mac/Prefix.pch;
				GCC_PREPROCESSOR_DEFINITIONS = (
					USE_FILE32API,
					"CC_ENABLE_CHIPMUNK_INTEGRATION=1",
				);
				GCC_SYMBOLS_PRIVATE_EXTERN = NO;
				HEADER_SEARCH_PATHS = (
					"$(inherited)",
					"$(SRCROOT)/../cocos2d/external/glfw3/include/mac",
				);
				INFOPLIST_FILE = mac/Info.plist;
				LIBRARY_SEARCH_PATHS = "";
				OTHER_LDFLAGS = (
					"$(_COCOS_LIB_MAC_BEGIN)",
					"$(_COCOS_LIB_MAC_END)",
				);
				USER_HEADER_SEARCH_PATHS = "$(_COCOS_HEADER_MAC_BEGIN) $(_COCOS_HEADER_MAC_END)";
			};
			name = Release;
		};
		C01FCF4F08A954540054247B /* Debug */ = {
			isa = XCBuildConfiguration;
			buildSettings = {
				CLANG_CXX_LANGUAGE_STANDARD = "c++0x";
				CLANG_CXX_LIBRARY = "libc++";
				COPY_PHASE_STRIP = NO;
				GCC_OPTIMIZATION_LEVEL = 0;
				GCC_WARN_ABOUT_RETURN_TYPE = YES;
				GCC_WARN_UNUSED_VARIABLE = YES;
				HEADER_SEARCH_PATHS = (
					"$(SRCROOT)/../cocos2d",
					"$(SRCROOT)/../cocos2d/cocos/audio/include",
					"$(SRCROOT)/../cocos2d/cocos",
					"$(SRCROOT)/../cocos2d/extensions",
					"$(SRCROOT)/../cocos2d/external",
					"$(SRCROOT)/../cocos2d/external/chipmunk/include/chipmunk",
				);
				IPHONEOS_DEPLOYMENT_TARGET = 6.0;
				MACOSX_DEPLOYMENT_TARGET = 10.7;
				ONLY_ACTIVE_ARCH = YES;
				PRODUCT_NAME = "$(TARGET_NAME)";
				SDKROOT = macosx;
			};
			name = Debug;
		};
		C01FCF5008A954540054247B /* Release */ = {
			isa = XCBuildConfiguration;
			buildSettings = {
				CLANG_CXX_LANGUAGE_STANDARD = "c++0x";
				CLANG_CXX_LIBRARY = "libc++";
				GCC_WARN_ABOUT_RETURN_TYPE = YES;
				GCC_WARN_UNUSED_VARIABLE = YES;
				HEADER_SEARCH_PATHS = (
					"$(SRCROOT)/../cocos2d",
					"$(SRCROOT)/../cocos2d/cocos/audio/include",
					"$(SRCROOT)/../cocos2d/cocos",
					"$(SRCROOT)/../cocos2d/extensions",
					"$(SRCROOT)/../cocos2d/external",
					"$(SRCROOT)/../cocos2d/external/chipmunk/include/chipmunk",
				);
				IPHONEOS_DEPLOYMENT_TARGET = 6.0;
				MACOSX_DEPLOYMENT_TARGET = 10.7;
				OTHER_CFLAGS = "-DNS_BLOCK_ASSERTIONS=1";
				PRODUCT_NAME = "$(TARGET_NAME)";
				SDKROOT = macosx;
				VALIDATE_PRODUCT = YES;
			};
			name = Release;
		};
/* End XCBuildConfiguration section */

/* Begin XCConfigurationList section */
		1D6058960D05DD3E006BFB54 /* Build configuration list for PBXNativeTarget "FlameDragonX-mobile" */ = {
			isa = XCConfigurationList;
			buildConfigurations = (
				1D6058940D05DD3E006BFB54 /* Debug */,
				1D6058950D05DD3E006BFB54 /* Release */,
			);
			defaultConfigurationIsVisible = 0;
			defaultConfigurationName = Debug;
		};
		5087E76C17EB910900C73F5D /* Build configuration list for PBXNativeTarget "FlameDragonX-desktop" */ = {
			isa = XCConfigurationList;
			buildConfigurations = (
				5087E76D17EB910900C73F5D /* Debug */,
				5087E76E17EB910900C73F5D /* Release */,
			);
			defaultConfigurationIsVisible = 0;
			defaultConfigurationName = Debug;
		};
		C01FCF4E08A954540054247B /* Build configuration list for PBXProject "FlameDragonX" */ = {
			isa = XCConfigurationList;
			buildConfigurations = (
				C01FCF4F08A954540054247B /* Debug */,
				C01FCF5008A954540054247B /* Release */,
			);
			defaultConfigurationIsVisible = 0;
			defaultConfigurationName = Debug;
		};
/* End XCConfigurationList section */
	};
	rootObject = 29B97313FDCFA39411CA2CEA /* Project object */;
}
